// !$*UTF8*$!
{
	archiveVersion = 1;
	classes = {
	};
	objectVersion = 46;
	objects = {

/* Begin PBXBuildFile section */
		047C6090154C198400621DE6 /* Player.m in Sources */ = {isa = PBXBuildFile; fileRef = 047C608F154C198400621DE6 /* Player.m */; };
		04FA31FD154BDD3E0097A0B8 /* SomeCell.m in Sources */ = {isa = PBXBuildFile; fileRef = 04FA31FC154BDD3E0097A0B8 /* SomeCell.m */; };
		04FA3202154BE6290097A0B8 /* Request.m in Sources */ = {isa = PBXBuildFile; fileRef = 04FA3201154BE6290097A0B8 /* Request.m */; };
		04FA327A154BEB340097A0B8 /* p0000032853.jpg in Resources */ = {isa = PBXBuildFile; fileRef = 04FA3205154BEB340097A0B8 /* p0000032853.jpg */; };
		04FA327B154BEB340097A0B8 /* p0000033082.jpg in Resources */ = {isa = PBXBuildFile; fileRef = 04FA3206154BEB340097A0B8 /* p0000033082.jpg */; };
		04FA327C154BEB340097A0B8 /* p0000033083.jpg in Resources */ = {isa = PBXBuildFile; fileRef = 04FA3207154BEB340097A0B8 /* p0000033083.jpg */; };
		04FA327D154BEB340097A0B8 /* p0000033084.jpg in Resources */ = {isa = PBXBuildFile; fileRef = 04FA3208154BEB340097A0B8 /* p0000033084.jpg */; };
		04FA327E154BEB340097A0B8 /* p0000033085.jpg in Resources */ = {isa = PBXBuildFile; fileRef = 04FA3209154BEB340097A0B8 /* p0000033085.jpg */; };
		04FA327F154BEB340097A0B8 /* p0000033086.jpg in Resources */ = {isa = PBXBuildFile; fileRef = 04FA320A154BEB340097A0B8 /* p0000033086.jpg */; };
		04FA3280154BEB340097A0B8 /* p0000033087.jpg in Resources */ = {isa = PBXBuildFile; fileRef = 04FA320B154BEB340097A0B8 /* p0000033087.jpg */; };
		04FA3281154BEB340097A0B8 /* p0000033198.jpg in Resources */ = {isa = PBXBuildFile; fileRef = 04FA320C154BEB340097A0B8 /* p0000033198.jpg */; };
		04FA3282154BEB340097A0B8 /* p0000033199.jpg in Resources */ = {isa = PBXBuildFile; fileRef = 04FA320D154BEB340097A0B8 /* p0000033199.jpg */; };
		04FA3283154BEB340097A0B8 /* p0000033226.jpg in Resources */ = {isa = PBXBuildFile; fileRef = 04FA320E154BEB340097A0B8 /* p0000033226.jpg */; };
		04FA3284154BEB340097A0B8 /* p0000033227.jpg in Resources */ = {isa = PBXBuildFile; fileRef = 04FA320F154BEB340097A0B8 /* p0000033227.jpg */; };
		04FA3285154BEB340097A0B8 /* p0000033228.jpg in Resources */ = {isa = PBXBuildFile; fileRef = 04FA3210154BEB340097A0B8 /* p0000033228.jpg */; };
		04FA3286154BEB340097A0B8 /* p0000033230.jpg in Resources */ = {isa = PBXBuildFile; fileRef = 04FA3211154BEB340097A0B8 /* p0000033230.jpg */; };
		04FA3287154BEB340097A0B8 /* p0000033231.jpg in Resources */ = {isa = PBXBuildFile; fileRef = 04FA3212154BEB340097A0B8 /* p0000033231.jpg */; };
		04FA3288154BEB340097A0B8 /* p0000033232.jpg in Resources */ = {isa = PBXBuildFile; fileRef = 04FA3213154BEB340097A0B8 /* p0000033232.jpg */; };
		04FA3289154BEB340097A0B8 /* p0000033233.jpg in Resources */ = {isa = PBXBuildFile; fileRef = 04FA3214154BEB340097A0B8 /* p0000033233.jpg */; };
		04FA328A154BEB340097A0B8 /* p0000033234.jpg in Resources */ = {isa = PBXBuildFile; fileRef = 04FA3215154BEB340097A0B8 /* p0000033234.jpg */; };
		04FA328B154BEB340097A0B8 /* p0000033235.jpg in Resources */ = {isa = PBXBuildFile; fileRef = 04FA3216154BEB340097A0B8 /* p0000033235.jpg */; };
		04FA328C154BEB340097A0B8 /* p0000033236.jpg in Resources */ = {isa = PBXBuildFile; fileRef = 04FA3217154BEB340097A0B8 /* p0000033236.jpg */; };
		04FA328D154BEB340097A0B8 /* p0000034810.jpg in Resources */ = {isa = PBXBuildFile; fileRef = 04FA3218154BEB340097A0B8 /* p0000034810.jpg */; };
		04FA328E154BEB340097A0B8 /* p0000034812.jpg in Resources */ = {isa = PBXBuildFile; fileRef = 04FA3219154BEB340097A0B8 /* p0000034812.jpg */; };
		04FA328F154BEB340097A0B8 /* p0000034813.jpg in Resources */ = {isa = PBXBuildFile; fileRef = 04FA321A154BEB340097A0B8 /* p0000034813.jpg */; };
		04FA3290154BEB340097A0B8 /* p0000034814.jpg in Resources */ = {isa = PBXBuildFile; fileRef = 04FA321B154BEB340097A0B8 /* p0000034814.jpg */; };
		04FA3291154BEB340097A0B8 /* p0000034860.jpg in Resources */ = {isa = PBXBuildFile; fileRef = 04FA321C154BEB340097A0B8 /* p0000034860.jpg */; };
		04FA3292154BEB340097A0B8 /* p0000035008.jpg in Resources */ = {isa = PBXBuildFile; fileRef = 04FA321D154BEB340097A0B8 /* p0000035008.jpg */; };
		04FA3293154BEB340097A0B8 /* p0000035011.jpg in Resources */ = {isa = PBXBuildFile; fileRef = 04FA321E154BEB340097A0B8 /* p0000035011.jpg */; };
		04FA3294154BEB340097A0B8 /* p0000035013.jpg in Resources */ = {isa = PBXBuildFile; fileRef = 04FA321F154BEB340097A0B8 /* p0000035013.jpg */; };
		04FA3295154BEB340097A0B8 /* p0000035015.jpg in Resources */ = {isa = PBXBuildFile; fileRef = 04FA3220154BEB340097A0B8 /* p0000035015.jpg */; };
		04FA3296154BEB340097A0B8 /* p0000035019.jpg in Resources */ = {isa = PBXBuildFile; fileRef = 04FA3221154BEB340097A0B8 /* p0000035019.jpg */; };
		04FA3297154BEB340097A0B8 /* p0000035021.jpg in Resources */ = {isa = PBXBuildFile; fileRef = 04FA3222154BEB340097A0B8 /* p0000035021.jpg */; };
		04FA3298154BEB340097A0B8 /* p0000035022.jpg in Resources */ = {isa = PBXBuildFile; fileRef = 04FA3223154BEB340097A0B8 /* p0000035022.jpg */; };
		04FA3299154BEB340097A0B8 /* p0000035023.jpg in Resources */ = {isa = PBXBuildFile; fileRef = 04FA3224154BEB340097A0B8 /* p0000035023.jpg */; };
		04FA329A154BEB340097A0B8 /* p0000035024.jpg in Resources */ = {isa = PBXBuildFile; fileRef = 04FA3225154BEB340097A0B8 /* p0000035024.jpg */; };
		04FA329B154BEB340097A0B8 /* p0000035026.jpg in Resources */ = {isa = PBXBuildFile; fileRef = 04FA3226154BEB340097A0B8 /* p0000035026.jpg */; };
		04FA329C154BEB340097A0B8 /* p0000035027.jpg in Resources */ = {isa = PBXBuildFile; fileRef = 04FA3227154BEB340097A0B8 /* p0000035027.jpg */; };
		04FA329D154BEB340097A0B8 /* p0000035029.jpg in Resources */ = {isa = PBXBuildFile; fileRef = 04FA3228154BEB340097A0B8 /* p0000035029.jpg */; };
		04FA329E154BEB340097A0B8 /* p0000035032.jpg in Resources */ = {isa = PBXBuildFile; fileRef = 04FA3229154BEB340097A0B8 /* p0000035032.jpg */; };
		04FA329F154BEB340097A0B8 /* p0000035036.jpg in Resources */ = {isa = PBXBuildFile; fileRef = 04FA322A154BEB340097A0B8 /* p0000035036.jpg */; };
		04FA32A0154BEB340097A0B8 /* p0000035247.jpg in Resources */ = {isa = PBXBuildFile; fileRef = 04FA322B154BEB340097A0B8 /* p0000035247.jpg */; };
		04FA32A1154BEB340097A0B8 /* p0000035249.jpg in Resources */ = {isa = PBXBuildFile; fileRef = 04FA322C154BEB340097A0B8 /* p0000035249.jpg */; };
		04FA32A2154BEB340097A0B8 /* p0000035252.jpg in Resources */ = {isa = PBXBuildFile; fileRef = 04FA322D154BEB340097A0B8 /* p0000035252.jpg */; };
		04FA32A3154BEB340097A0B8 /* p0000035253.jpg in Resources */ = {isa = PBXBuildFile; fileRef = 04FA322E154BEB340097A0B8 /* p0000035253.jpg */; };
		04FA32A4154BEB340097A0B8 /* p0000035256.jpg in Resources */ = {isa = PBXBuildFile; fileRef = 04FA322F154BEB340097A0B8 /* p0000035256.jpg */; };
		04FA32A5154BEB340097A0B8 /* p0000035258.jpg in Resources */ = {isa = PBXBuildFile; fileRef = 04FA3230154BEB340097A0B8 /* p0000035258.jpg */; };
		04FA32A6154BEB340097A0B8 /* p0000035259.jpg in Resources */ = {isa = PBXBuildFile; fileRef = 04FA3231154BEB340097A0B8 /* p0000035259.jpg */; };
		04FA32A7154BEB340097A0B8 /* p0000035260.jpg in Resources */ = {isa = PBXBuildFile; fileRef = 04FA3232154BEB340097A0B8 /* p0000035260.jpg */; };
		04FA32A8154BEB340097A0B8 /* p0000035261.jpg in Resources */ = {isa = PBXBuildFile; fileRef = 04FA3233154BEB340097A0B8 /* p0000035261.jpg */; };
		04FA32A9154BEB340097A0B8 /* p0000035262.jpg in Resources */ = {isa = PBXBuildFile; fileRef = 04FA3234154BEB340097A0B8 /* p0000035262.jpg */; };
		04FA32AA154BEB340097A0B8 /* p0000035265.jpg in Resources */ = {isa = PBXBuildFile; fileRef = 04FA3235154BEB340097A0B8 /* p0000035265.jpg */; };
		04FA32AB154BEB340097A0B8 /* p0000035267.jpg in Resources */ = {isa = PBXBuildFile; fileRef = 04FA3236154BEB340097A0B8 /* p0000035267.jpg */; };
		04FA32AC154BEB340097A0B8 /* p0000035269.jpg in Resources */ = {isa = PBXBuildFile; fileRef = 04FA3237154BEB340097A0B8 /* p0000035269.jpg */; };
		04FA32AD154BEB340097A0B8 /* p0000035271.jpg in Resources */ = {isa = PBXBuildFile; fileRef = 04FA3238154BEB340097A0B8 /* p0000035271.jpg */; };
		04FA32AE154BEB340097A0B8 /* p0000035272.jpg in Resources */ = {isa = PBXBuildFile; fileRef = 04FA3239154BEB340097A0B8 /* p0000035272.jpg */; };
		04FA32AF154BEB340097A0B8 /* p0000035273.jpg in Resources */ = {isa = PBXBuildFile; fileRef = 04FA323A154BEB340097A0B8 /* p0000035273.jpg */; };
		04FA32B0154BEB340097A0B8 /* p0000035274.jpg in Resources */ = {isa = PBXBuildFile; fileRef = 04FA323B154BEB340097A0B8 /* p0000035274.jpg */; };
		04FA32B1154BEB340097A0B8 /* p0000035275.jpg in Resources */ = {isa = PBXBuildFile; fileRef = 04FA323C154BEB340097A0B8 /* p0000035275.jpg */; };
		04FA32B2154BEB340097A0B8 /* p0000035277.jpg in Resources */ = {isa = PBXBuildFile; fileRef = 04FA323D154BEB340097A0B8 /* p0000035277.jpg */; };
		04FA32B3154BEB340097A0B8 /* p0000035279.jpg in Resources */ = {isa = PBXBuildFile; fileRef = 04FA323E154BEB340097A0B8 /* p0000035279.jpg */; };
		04FA32B4154BEB340097A0B8 /* p0000035280.jpg in Resources */ = {isa = PBXBuildFile; fileRef = 04FA323F154BEB340097A0B8 /* p0000035280.jpg */; };
		04FA32B5154BEB340097A0B8 /* p0000035283.jpg in Resources */ = {isa = PBXBuildFile; fileRef = 04FA3240154BEB340097A0B8 /* p0000035283.jpg */; };
		04FA32B6154BEB340097A0B8 /* p0000035284.jpg in Resources */ = {isa = PBXBuildFile; fileRef = 04FA3241154BEB340097A0B8 /* p0000035284.jpg */; };
		04FA32B7154BEB340097A0B8 /* p0000035285.jpg in Resources */ = {isa = PBXBuildFile; fileRef = 04FA3242154BEB340097A0B8 /* p0000035285.jpg */; };
		04FA32B8154BEB340097A0B8 /* p0000035286.jpg in Resources */ = {isa = PBXBuildFile; fileRef = 04FA3243154BEB340097A0B8 /* p0000035286.jpg */; };
		04FA32B9154BEB340097A0B8 /* p0000035289.jpg in Resources */ = {isa = PBXBuildFile; fileRef = 04FA3244154BEB340097A0B8 /* p0000035289.jpg */; };
		04FA32BA154BEB340097A0B8 /* p0000035290.jpg in Resources */ = {isa = PBXBuildFile; fileRef = 04FA3245154BEB340097A0B8 /* p0000035290.jpg */; };
		04FA32BB154BEB340097A0B8 /* p0000035291.jpg in Resources */ = {isa = PBXBuildFile; fileRef = 04FA3246154BEB340097A0B8 /* p0000035291.jpg */; };
		04FA32BC154BEB340097A0B8 /* p0000035292.jpg in Resources */ = {isa = PBXBuildFile; fileRef = 04FA3247154BEB340097A0B8 /* p0000035292.jpg */; };
		04FA32BD154BEB340097A0B8 /* p0000035295.jpg in Resources */ = {isa = PBXBuildFile; fileRef = 04FA3248154BEB340097A0B8 /* p0000035295.jpg */; };
		04FA32BE154BEB340097A0B8 /* p0000035296.jpg in Resources */ = {isa = PBXBuildFile; fileRef = 04FA3249154BEB340097A0B8 /* p0000035296.jpg */; };
		04FA32BF154BEB340097A0B8 /* p0000035297.jpg in Resources */ = {isa = PBXBuildFile; fileRef = 04FA324A154BEB340097A0B8 /* p0000035297.jpg */; };
		04FA32C0154BEB340097A0B8 /* p0000035298.jpg in Resources */ = {isa = PBXBuildFile; fileRef = 04FA324B154BEB340097A0B8 /* p0000035298.jpg */; };
		04FA32C1154BEB340097A0B8 /* p0000035300.jpg in Resources */ = {isa = PBXBuildFile; fileRef = 04FA324C154BEB340097A0B8 /* p0000035300.jpg */; };
		04FA32C2154BEB340097A0B8 /* p0000035302.jpg in Resources */ = {isa = PBXBuildFile; fileRef = 04FA324D154BEB340097A0B8 /* p0000035302.jpg */; };
		04FA32C3154BEB340097A0B8 /* p0000035304.jpg in Resources */ = {isa = PBXBuildFile; fileRef = 04FA324E154BEB340097A0B8 /* p0000035304.jpg */; };
		04FA32C4154BEB340097A0B8 /* p0000035305.jpg in Resources */ = {isa = PBXBuildFile; fileRef = 04FA324F154BEB340097A0B8 /* p0000035305.jpg */; };
		04FA32C5154BEB340097A0B8 /* p0000035309.jpg in Resources */ = {isa = PBXBuildFile; fileRef = 04FA3250154BEB340097A0B8 /* p0000035309.jpg */; };
		04FA32C6154BEB340097A0B8 /* p0000035310.jpg in Resources */ = {isa = PBXBuildFile; fileRef = 04FA3251154BEB340097A0B8 /* p0000035310.jpg */; };
		04FA32C7154BEB340097A0B8 /* p0000035311.jpg in Resources */ = {isa = PBXBuildFile; fileRef = 04FA3252154BEB340097A0B8 /* p0000035311.jpg */; };
		04FA32C8154BEB340097A0B8 /* p0000035646.jpg in Resources */ = {isa = PBXBuildFile; fileRef = 04FA3253154BEB340097A0B8 /* p0000035646.jpg */; };
		04FA32C9154BEB340097A0B8 /* p0000035647.jpg in Resources */ = {isa = PBXBuildFile; fileRef = 04FA3254154BEB340097A0B8 /* p0000035647.jpg */; };
		04FA32CA154BEB340097A0B8 /* p0000035648.jpg in Resources */ = {isa = PBXBuildFile; fileRef = 04FA3255154BEB340097A0B8 /* p0000035648.jpg */; };
		04FA32CB154BEB340097A0B8 /* p0000035649.jpg in Resources */ = {isa = PBXBuildFile; fileRef = 04FA3256154BEB340097A0B8 /* p0000035649.jpg */; };
		04FA32CC154BEB340097A0B8 /* p0000035650.jpg in Resources */ = {isa = PBXBuildFile; fileRef = 04FA3257154BEB340097A0B8 /* p0000035650.jpg */; };
		04FA32CD154BEB340097A0B8 /* p0000035651.jpg in Resources */ = {isa = PBXBuildFile; fileRef = 04FA3258154BEB340097A0B8 /* p0000035651.jpg */; };
		04FA32CE154BEB340097A0B8 /* p0000035652.jpg in Resources */ = {isa = PBXBuildFile; fileRef = 04FA3259154BEB340097A0B8 /* p0000035652.jpg */; };
		04FA32CF154BEB340097A0B8 /* p0000035654.jpg in Resources */ = {isa = PBXBuildFile; fileRef = 04FA325A154BEB340097A0B8 /* p0000035654.jpg */; };
		04FA32D0154BEB340097A0B8 /* p0000035655.jpg in Resources */ = {isa = PBXBuildFile; fileRef = 04FA325B154BEB340097A0B8 /* p0000035655.jpg */; };
		04FA32D1154BEB340097A0B8 /* p0000035656.jpg in Resources */ = {isa = PBXBuildFile; fileRef = 04FA325C154BEB340097A0B8 /* p0000035656.jpg */; };
		04FA32D2154BEB340097A0B8 /* p0000035657.jpg in Resources */ = {isa = PBXBuildFile; fileRef = 04FA325D154BEB340097A0B8 /* p0000035657.jpg */; };
		04FA32D3154BEB340097A0B8 /* p0000035658.jpg in Resources */ = {isa = PBXBuildFile; fileRef = 04FA325E154BEB340097A0B8 /* p0000035658.jpg */; };
		04FA32D4154BEB340097A0B8 /* p0000035659.jpg in Resources */ = {isa = PBXBuildFile; fileRef = 04FA325F154BEB340097A0B8 /* p0000035659.jpg */; };
		04FA32D5154BEB340097A0B8 /* p0000035660.jpg in Resources */ = {isa = PBXBuildFile; fileRef = 04FA3260154BEB340097A0B8 /* p0000035660.jpg */; };
		04FA32D6154BEB340097A0B8 /* p0000035661.jpg in Resources */ = {isa = PBXBuildFile; fileRef = 04FA3261154BEB340097A0B8 /* p0000035661.jpg */; };
		04FA32D7154BEB340097A0B8 /* p0000035662.jpg in Resources */ = {isa = PBXBuildFile; fileRef = 04FA3262154BEB340097A0B8 /* p0000035662.jpg */; };
		04FA32D8154BEB340097A0B8 /* p0000035663.jpg in Resources */ = {isa = PBXBuildFile; fileRef = 04FA3263154BEB340097A0B8 /* p0000035663.jpg */; };
		04FA32D9154BEB340097A0B8 /* p0000035665.jpg in Resources */ = {isa = PBXBuildFile; fileRef = 04FA3264154BEB340097A0B8 /* p0000035665.jpg */; };
		04FA32DA154BEB340097A0B8 /* p0000035666.jpg in Resources */ = {isa = PBXBuildFile; fileRef = 04FA3265154BEB340097A0B8 /* p0000035666.jpg */; };
		04FA32DB154BEB340097A0B8 /* p0000035667.jpg in Resources */ = {isa = PBXBuildFile; fileRef = 04FA3266154BEB340097A0B8 /* p0000035667.jpg */; };
		04FA32DC154BEB340097A0B8 /* p0000035668.jpg in Resources */ = {isa = PBXBuildFile; fileRef = 04FA3267154BEB340097A0B8 /* p0000035668.jpg */; };
		04FA32DD154BEB340097A0B8 /* p0000035669.jpg in Resources */ = {isa = PBXBuildFile; fileRef = 04FA3268154BEB340097A0B8 /* p0000035669.jpg */; };
		04FA32DE154BEB340097A0B8 /* p0000035670.jpg in Resources */ = {isa = PBXBuildFile; fileRef = 04FA3269154BEB340097A0B8 /* p0000035670.jpg */; };
		04FA32DF154BEB340097A0B8 /* p0000035671.jpg in Resources */ = {isa = PBXBuildFile; fileRef = 04FA326A154BEB340097A0B8 /* p0000035671.jpg */; };
		04FA32E0154BEB340097A0B8 /* p0000035807.jpg in Resources */ = {isa = PBXBuildFile; fileRef = 04FA326B154BEB340097A0B8 /* p0000035807.jpg */; };
		04FA32E1154BEB340097A0B8 /* p0000035808.jpg in Resources */ = {isa = PBXBuildFile; fileRef = 04FA326C154BEB340097A0B8 /* p0000035808.jpg */; };
		04FA32E2154BEB340097A0B8 /* p0000035809.jpg in Resources */ = {isa = PBXBuildFile; fileRef = 04FA326D154BEB340097A0B8 /* p0000035809.jpg */; };
		04FA32E3154BEB340097A0B8 /* p0000035810.jpg in Resources */ = {isa = PBXBuildFile; fileRef = 04FA326E154BEB340097A0B8 /* p0000035810.jpg */; };
		04FA32E4154BEB340097A0B8 /* p0000035812.jpg in Resources */ = {isa = PBXBuildFile; fileRef = 04FA326F154BEB340097A0B8 /* p0000035812.jpg */; };
		04FA32E5154BEB340097A0B8 /* p0000035813.jpg in Resources */ = {isa = PBXBuildFile; fileRef = 04FA3270154BEB340097A0B8 /* p0000035813.jpg */; };
		04FA32E6154BEB340097A0B8 /* p0000035814.jpg in Resources */ = {isa = PBXBuildFile; fileRef = 04FA3271154BEB340097A0B8 /* p0000035814.jpg */; };
		04FA32E7154BEB340097A0B8 /* p0000035815.jpg in Resources */ = {isa = PBXBuildFile; fileRef = 04FA3272154BEB340097A0B8 /* p0000035815.jpg */; };
		04FA32E8154BEB340097A0B8 /* p0000035816.jpg in Resources */ = {isa = PBXBuildFile; fileRef = 04FA3273154BEB340097A0B8 /* p0000035816.jpg */; };
		04FA32E9154BEB340097A0B8 /* p0000035875.jpg in Resources */ = {isa = PBXBuildFile; fileRef = 04FA3274154BEB340097A0B8 /* p0000035875.jpg */; };
		04FA32EA154BEB340097A0B8 /* p0000035876.jpg in Resources */ = {isa = PBXBuildFile; fileRef = 04FA3275154BEB340097A0B8 /* p0000035876.jpg */; };
		04FA32EB154BEB340097A0B8 /* p0000035877.jpg in Resources */ = {isa = PBXBuildFile; fileRef = 04FA3276154BEB340097A0B8 /* p0000035877.jpg */; };
		04FA32EC154BEB340097A0B8 /* p0000035878.jpg in Resources */ = {isa = PBXBuildFile; fileRef = 04FA3277154BEB340097A0B8 /* p0000035878.jpg */; };
		04FA32ED154BEB340097A0B8 /* p0000035880.jpg in Resources */ = {isa = PBXBuildFile; fileRef = 04FA3278154BEB340097A0B8 /* p0000035880.jpg */; };
		04FA32EE154BEB340097A0B8 /* p0000035881.jpg in Resources */ = {isa = PBXBuildFile; fileRef = 04FA3279154BEB340097A0B8 /* p0000035881.jpg */; };
		04FA32F1154BEEE10097A0B8 /* Building.m in Sources */ = {isa = PBXBuildFile; fileRef = 04FA32F0154BEEE10097A0B8 /* Building.m */; };
		B756F0AC154C064E00E771C2 /* Item.m in Sources */ = {isa = PBXBuildFile; fileRef = B756F0AB154C064E00E771C2 /* Item.m */; };
		B756F0B0154C09C200E771C2 /* Reward.m in Sources */ = {isa = PBXBuildFile; fileRef = B756F0AF154C09C200E771C2 /* Reward.m */; };
		B7F5B0F2154B57AC000A114F /* Cocoa.framework in Frameworks */ = {isa = PBXBuildFile; fileRef = B7F5B0F1154B57AC000A114F /* Cocoa.framework */; };
		B7F5B0FC154B57AC000A114F /* InfoPlist.strings in Resources */ = {isa = PBXBuildFile; fileRef = B7F5B0FA154B57AC000A114F /* InfoPlist.strings */; };
		B7F5B0FE154B57AC000A114F /* main.m in Sources */ = {isa = PBXBuildFile; fileRef = B7F5B0FD154B57AC000A114F /* main.m */; };
		B7F5B102154B57AC000A114F /* Credits.rtf in Resources */ = {isa = PBXBuildFile; fileRef = B7F5B100154B57AC000A114F /* Credits.rtf */; };
		B7F5B105154B57AC000A114F /* AppDelegate.m in Sources */ = {isa = PBXBuildFile; fileRef = B7F5B104154B57AC000A114F /* AppDelegate.m */; };
		B7F5B108154B57AC000A114F /* MainMenu.xib in Resources */ = {isa = PBXBuildFile; fileRef = B7F5B106154B57AC000A114F /* MainMenu.xib */; };
		B7F5B113154B5CFB000A114F /* libpsmoveapi.1.0.2.dylib in Frameworks */ = {isa = PBXBuildFile; fileRef = B7F5B111154B5CFB000A114F /* libpsmoveapi.1.0.2.dylib */; };
		B7F5B114154B6184000A114F /* Foundation.framework in Frameworks */ = {isa = PBXBuildFile; fileRef = B7F5B0F6154B57AC000A114F /* Foundation.framework */; };
		B7F5B11F154B71D3000A114F /* datas in Resources */ = {isa = PBXBuildFile; fileRef = B7F5B11E154B71D3000A114F /* datas */; };
		B7F5B123154B7397000A114F /* dataDAO.m in Sources */ = {isa = PBXBuildFile; fileRef = B7F5B121154B7231000A114F /* dataDAO.m */; };
		B7F5B124154B73A7000A114F /* EGODatabase.m in Sources */ = {isa = PBXBuildFile; fileRef = B7F5B116154B713A000A114F /* EGODatabase.m */; };
		B7F5B125154B73A7000A114F /* EGODatabaseRequest.m in Sources */ = {isa = PBXBuildFile; fileRef = B7F5B118154B713A000A114F /* EGODatabaseRequest.m */; };
		B7F5B126154B73A7000A114F /* EGODatabaseResult.m in Sources */ = {isa = PBXBuildFile; fileRef = B7F5B11A154B713A000A114F /* EGODatabaseResult.m */; };
		B7F5B127154B73A7000A114F /* EGODatabaseRow.m in Sources */ = {isa = PBXBuildFile; fileRef = B7F5B11C154B713A000A114F /* EGODatabaseRow.m */; };
		B7F5B129154B7420000A114F /* libsqlite3.dylib in Frameworks */ = {isa = PBXBuildFile; fileRef = B7F5B128154B7420000A114F /* libsqlite3.dylib */; };
/* End PBXBuildFile section */

/* Begin PBXFileReference section */
		047C6085154C109E00621DE6 /* RequestCompleted.h */ = {isa = PBXFileReference; fileEncoding = 4; lastKnownFileType = sourcecode.c.h; path = RequestCompleted.h; sourceTree = "<group>"; };
		047C608E154C198400621DE6 /* Player.h */ = {isa = PBXFileReference; fileEncoding = 4; lastKnownFileType = sourcecode.c.h; name = Player.h; path = Models/Player.h; sourceTree = "<group>"; };
		047C608F154C198400621DE6 /* Player.m */ = {isa = PBXFileReference; fileEncoding = 4; lastKnownFileType = sourcecode.c.objc; name = Player.m; path = Models/Player.m; sourceTree = "<group>"; };
		04FA31FB154BDD3E0097A0B8 /* SomeCell.h */ = {isa = PBXFileReference; fileEncoding = 4; lastKnownFileType = sourcecode.c.h; path = SomeCell.h; sourceTree = "<group>"; };
		04FA31FC154BDD3E0097A0B8 /* SomeCell.m */ = {isa = PBXFileReference; fileEncoding = 4; lastKnownFileType = sourcecode.c.objc; path = SomeCell.m; sourceTree = "<group>"; };
		04FA3200154BE6290097A0B8 /* Request.h */ = {isa = PBXFileReference; fileEncoding = 4; lastKnownFileType = sourcecode.c.h; name = Request.h; path = Models/Request.h; sourceTree = "<group>"; };
		04FA3201154BE6290097A0B8 /* Request.m */ = {isa = PBXFileReference; fileEncoding = 4; lastKnownFileType = sourcecode.c.objc; name = Request.m; path = Models/Request.m; sourceTree = "<group>"; };
		04FA3205154BEB340097A0B8 /* p0000032853.jpg */ = {isa = PBXFileReference; lastKnownFileType = image.jpeg; name = p0000032853.jpg; path = "Images/chs2012-nms-glass/p0000032853.jpg"; sourceTree = "<group>"; };
		04FA3206154BEB340097A0B8 /* p0000033082.jpg */ = {isa = PBXFileReference; lastKnownFileType = image.jpeg; name = p0000033082.jpg; path = "Images/chs2012-nms-glass/p0000033082.jpg"; sourceTree = "<group>"; };
		04FA3207154BEB340097A0B8 /* p0000033083.jpg */ = {isa = PBXFileReference; lastKnownFileType = image.jpeg; name = p0000033083.jpg; path = "Images/chs2012-nms-glass/p0000033083.jpg"; sourceTree = "<group>"; };
		04FA3208154BEB340097A0B8 /* p0000033084.jpg */ = {isa = PBXFileReference; lastKnownFileType = image.jpeg; name = p0000033084.jpg; path = "Images/chs2012-nms-glass/p0000033084.jpg"; sourceTree = "<group>"; };
		04FA3209154BEB340097A0B8 /* p0000033085.jpg */ = {isa = PBXFileReference; lastKnownFileType = image.jpeg; name = p0000033085.jpg; path = "Images/chs2012-nms-glass/p0000033085.jpg"; sourceTree = "<group>"; };
		04FA320A154BEB340097A0B8 /* p0000033086.jpg */ = {isa = PBXFileReference; lastKnownFileType = image.jpeg; name = p0000033086.jpg; path = "Images/chs2012-nms-glass/p0000033086.jpg"; sourceTree = "<group>"; };
		04FA320B154BEB340097A0B8 /* p0000033087.jpg */ = {isa = PBXFileReference; lastKnownFileType = image.jpeg; name = p0000033087.jpg; path = "Images/chs2012-nms-glass/p0000033087.jpg"; sourceTree = "<group>"; };
		04FA320C154BEB340097A0B8 /* p0000033198.jpg */ = {isa = PBXFileReference; lastKnownFileType = image.jpeg; name = p0000033198.jpg; path = "Images/chs2012-nms-glass/p0000033198.jpg"; sourceTree = "<group>"; };
		04FA320D154BEB340097A0B8 /* p0000033199.jpg */ = {isa = PBXFileReference; lastKnownFileType = image.jpeg; name = p0000033199.jpg; path = "Images/chs2012-nms-glass/p0000033199.jpg"; sourceTree = "<group>"; };
		04FA320E154BEB340097A0B8 /* p0000033226.jpg */ = {isa = PBXFileReference; lastKnownFileType = image.jpeg; name = p0000033226.jpg; path = "Images/chs2012-nms-glass/p0000033226.jpg"; sourceTree = "<group>"; };
		04FA320F154BEB340097A0B8 /* p0000033227.jpg */ = {isa = PBXFileReference; lastKnownFileType = image.jpeg; name = p0000033227.jpg; path = "Images/chs2012-nms-glass/p0000033227.jpg"; sourceTree = "<group>"; };
		04FA3210154BEB340097A0B8 /* p0000033228.jpg */ = {isa = PBXFileReference; lastKnownFileType = image.jpeg; name = p0000033228.jpg; path = "Images/chs2012-nms-glass/p0000033228.jpg"; sourceTree = "<group>"; };
		04FA3211154BEB340097A0B8 /* p0000033230.jpg */ = {isa = PBXFileReference; lastKnownFileType = image.jpeg; name = p0000033230.jpg; path = "Images/chs2012-nms-glass/p0000033230.jpg"; sourceTree = "<group>"; };
		04FA3212154BEB340097A0B8 /* p0000033231.jpg */ = {isa = PBXFileReference; lastKnownFileType = image.jpeg; name = p0000033231.jpg; path = "Images/chs2012-nms-glass/p0000033231.jpg"; sourceTree = "<group>"; };
		04FA3213154BEB340097A0B8 /* p0000033232.jpg */ = {isa = PBXFileReference; lastKnownFileType = image.jpeg; name = p0000033232.jpg; path = "Images/chs2012-nms-glass/p0000033232.jpg"; sourceTree = "<group>"; };
		04FA3214154BEB340097A0B8 /* p0000033233.jpg */ = {isa = PBXFileReference; lastKnownFileType = image.jpeg; name = p0000033233.jpg; path = "Images/chs2012-nms-glass/p0000033233.jpg"; sourceTree = "<group>"; };
		04FA3215154BEB340097A0B8 /* p0000033234.jpg */ = {isa = PBXFileReference; lastKnownFileType = image.jpeg; name = p0000033234.jpg; path = "Images/chs2012-nms-glass/p0000033234.jpg"; sourceTree = "<group>"; };
		04FA3216154BEB340097A0B8 /* p0000033235.jpg */ = {isa = PBXFileReference; lastKnownFileType = image.jpeg; name = p0000033235.jpg; path = "Images/chs2012-nms-glass/p0000033235.jpg"; sourceTree = "<group>"; };
		04FA3217154BEB340097A0B8 /* p0000033236.jpg */ = {isa = PBXFileReference; lastKnownFileType = image.jpeg; name = p0000033236.jpg; path = "Images/chs2012-nms-glass/p0000033236.jpg"; sourceTree = "<group>"; };
		04FA3218154BEB340097A0B8 /* p0000034810.jpg */ = {isa = PBXFileReference; lastKnownFileType = image.jpeg; name = p0000034810.jpg; path = "Images/chs2012-nms-glass/p0000034810.jpg"; sourceTree = "<group>"; };
		04FA3219154BEB340097A0B8 /* p0000034812.jpg */ = {isa = PBXFileReference; lastKnownFileType = image.jpeg; name = p0000034812.jpg; path = "Images/chs2012-nms-glass/p0000034812.jpg"; sourceTree = "<group>"; };
		04FA321A154BEB340097A0B8 /* p0000034813.jpg */ = {isa = PBXFileReference; lastKnownFileType = image.jpeg; name = p0000034813.jpg; path = "Images/chs2012-nms-glass/p0000034813.jpg"; sourceTree = "<group>"; };
		04FA321B154BEB340097A0B8 /* p0000034814.jpg */ = {isa = PBXFileReference; lastKnownFileType = image.jpeg; name = p0000034814.jpg; path = "Images/chs2012-nms-glass/p0000034814.jpg"; sourceTree = "<group>"; };
		04FA321C154BEB340097A0B8 /* p0000034860.jpg */ = {isa = PBXFileReference; lastKnownFileType = image.jpeg; name = p0000034860.jpg; path = "Images/chs2012-nms-glass/p0000034860.jpg"; sourceTree = "<group>"; };
		04FA321D154BEB340097A0B8 /* p0000035008.jpg */ = {isa = PBXFileReference; lastKnownFileType = image.jpeg; name = p0000035008.jpg; path = "Images/chs2012-nms-glass/p0000035008.jpg"; sourceTree = "<group>"; };
		04FA321E154BEB340097A0B8 /* p0000035011.jpg */ = {isa = PBXFileReference; lastKnownFileType = image.jpeg; name = p0000035011.jpg; path = "Images/chs2012-nms-glass/p0000035011.jpg"; sourceTree = "<group>"; };
		04FA321F154BEB340097A0B8 /* p0000035013.jpg */ = {isa = PBXFileReference; lastKnownFileType = image.jpeg; name = p0000035013.jpg; path = "Images/chs2012-nms-glass/p0000035013.jpg"; sourceTree = "<group>"; };
		04FA3220154BEB340097A0B8 /* p0000035015.jpg */ = {isa = PBXFileReference; lastKnownFileType = image.jpeg; name = p0000035015.jpg; path = "Images/chs2012-nms-glass/p0000035015.jpg"; sourceTree = "<group>"; };
		04FA3221154BEB340097A0B8 /* p0000035019.jpg */ = {isa = PBXFileReference; lastKnownFileType = image.jpeg; name = p0000035019.jpg; path = "Images/chs2012-nms-glass/p0000035019.jpg"; sourceTree = "<group>"; };
		04FA3222154BEB340097A0B8 /* p0000035021.jpg */ = {isa = PBXFileReference; lastKnownFileType = image.jpeg; name = p0000035021.jpg; path = "Images/chs2012-nms-glass/p0000035021.jpg"; sourceTree = "<group>"; };
		04FA3223154BEB340097A0B8 /* p0000035022.jpg */ = {isa = PBXFileReference; lastKnownFileType = image.jpeg; name = p0000035022.jpg; path = "Images/chs2012-nms-glass/p0000035022.jpg"; sourceTree = "<group>"; };
		04FA3224154BEB340097A0B8 /* p0000035023.jpg */ = {isa = PBXFileReference; lastKnownFileType = image.jpeg; name = p0000035023.jpg; path = "Images/chs2012-nms-glass/p0000035023.jpg"; sourceTree = "<group>"; };
		04FA3225154BEB340097A0B8 /* p0000035024.jpg */ = {isa = PBXFileReference; lastKnownFileType = image.jpeg; name = p0000035024.jpg; path = "Images/chs2012-nms-glass/p0000035024.jpg"; sourceTree = "<group>"; };
		04FA3226154BEB340097A0B8 /* p0000035026.jpg */ = {isa = PBXFileReference; lastKnownFileType = image.jpeg; name = p0000035026.jpg; path = "Images/chs2012-nms-glass/p0000035026.jpg"; sourceTree = "<group>"; };
		04FA3227154BEB340097A0B8 /* p0000035027.jpg */ = {isa = PBXFileReference; lastKnownFileType = image.jpeg; name = p0000035027.jpg; path = "Images/chs2012-nms-glass/p0000035027.jpg"; sourceTree = "<group>"; };
		04FA3228154BEB340097A0B8 /* p0000035029.jpg */ = {isa = PBXFileReference; lastKnownFileType = image.jpeg; name = p0000035029.jpg; path = "Images/chs2012-nms-glass/p0000035029.jpg"; sourceTree = "<group>"; };
		04FA3229154BEB340097A0B8 /* p0000035032.jpg */ = {isa = PBXFileReference; lastKnownFileType = image.jpeg; name = p0000035032.jpg; path = "Images/chs2012-nms-glass/p0000035032.jpg"; sourceTree = "<group>"; };
		04FA322A154BEB340097A0B8 /* p0000035036.jpg */ = {isa = PBXFileReference; lastKnownFileType = image.jpeg; name = p0000035036.jpg; path = "Images/chs2012-nms-glass/p0000035036.jpg"; sourceTree = "<group>"; };
		04FA322B154BEB340097A0B8 /* p0000035247.jpg */ = {isa = PBXFileReference; lastKnownFileType = image.jpeg; name = p0000035247.jpg; path = "Images/chs2012-nms-glass/p0000035247.jpg"; sourceTree = "<group>"; };
		04FA322C154BEB340097A0B8 /* p0000035249.jpg */ = {isa = PBXFileReference; lastKnownFileType = image.jpeg; name = p0000035249.jpg; path = "Images/chs2012-nms-glass/p0000035249.jpg"; sourceTree = "<group>"; };
		04FA322D154BEB340097A0B8 /* p0000035252.jpg */ = {isa = PBXFileReference; lastKnownFileType = image.jpeg; name = p0000035252.jpg; path = "Images/chs2012-nms-glass/p0000035252.jpg"; sourceTree = "<group>"; };
		04FA322E154BEB340097A0B8 /* p0000035253.jpg */ = {isa = PBXFileReference; lastKnownFileType = image.jpeg; name = p0000035253.jpg; path = "Images/chs2012-nms-glass/p0000035253.jpg"; sourceTree = "<group>"; };
		04FA322F154BEB340097A0B8 /* p0000035256.jpg */ = {isa = PBXFileReference; lastKnownFileType = image.jpeg; name = p0000035256.jpg; path = "Images/chs2012-nms-glass/p0000035256.jpg"; sourceTree = "<group>"; };
		04FA3230154BEB340097A0B8 /* p0000035258.jpg */ = {isa = PBXFileReference; lastKnownFileType = image.jpeg; name = p0000035258.jpg; path = "Images/chs2012-nms-glass/p0000035258.jpg"; sourceTree = "<group>"; };
		04FA3231154BEB340097A0B8 /* p0000035259.jpg */ = {isa = PBXFileReference; lastKnownFileType = image.jpeg; name = p0000035259.jpg; path = "Images/chs2012-nms-glass/p0000035259.jpg"; sourceTree = "<group>"; };
		04FA3232154BEB340097A0B8 /* p0000035260.jpg */ = {isa = PBXFileReference; lastKnownFileType = image.jpeg; name = p0000035260.jpg; path = "Images/chs2012-nms-glass/p0000035260.jpg"; sourceTree = "<group>"; };
		04FA3233154BEB340097A0B8 /* p0000035261.jpg */ = {isa = PBXFileReference; lastKnownFileType = image.jpeg; name = p0000035261.jpg; path = "Images/chs2012-nms-glass/p0000035261.jpg"; sourceTree = "<group>"; };
		04FA3234154BEB340097A0B8 /* p0000035262.jpg */ = {isa = PBXFileReference; lastKnownFileType = image.jpeg; name = p0000035262.jpg; path = "Images/chs2012-nms-glass/p0000035262.jpg"; sourceTree = "<group>"; };
		04FA3235154BEB340097A0B8 /* p0000035265.jpg */ = {isa = PBXFileReference; lastKnownFileType = image.jpeg; name = p0000035265.jpg; path = "Images/chs2012-nms-glass/p0000035265.jpg"; sourceTree = "<group>"; };
		04FA3236154BEB340097A0B8 /* p0000035267.jpg */ = {isa = PBXFileReference; lastKnownFileType = image.jpeg; name = p0000035267.jpg; path = "Images/chs2012-nms-glass/p0000035267.jpg"; sourceTree = "<group>"; };
		04FA3237154BEB340097A0B8 /* p0000035269.jpg */ = {isa = PBXFileReference; lastKnownFileType = image.jpeg; name = p0000035269.jpg; path = "Images/chs2012-nms-glass/p0000035269.jpg"; sourceTree = "<group>"; };
		04FA3238154BEB340097A0B8 /* p0000035271.jpg */ = {isa = PBXFileReference; lastKnownFileType = image.jpeg; name = p0000035271.jpg; path = "Images/chs2012-nms-glass/p0000035271.jpg"; sourceTree = "<group>"; };
		04FA3239154BEB340097A0B8 /* p0000035272.jpg */ = {isa = PBXFileReference; lastKnownFileType = image.jpeg; name = p0000035272.jpg; path = "Images/chs2012-nms-glass/p0000035272.jpg"; sourceTree = "<group>"; };
		04FA323A154BEB340097A0B8 /* p0000035273.jpg */ = {isa = PBXFileReference; lastKnownFileType = image.jpeg; name = p0000035273.jpg; path = "Images/chs2012-nms-glass/p0000035273.jpg"; sourceTree = "<group>"; };
		04FA323B154BEB340097A0B8 /* p0000035274.jpg */ = {isa = PBXFileReference; lastKnownFileType = image.jpeg; name = p0000035274.jpg; path = "Images/chs2012-nms-glass/p0000035274.jpg"; sourceTree = "<group>"; };
		04FA323C154BEB340097A0B8 /* p0000035275.jpg */ = {isa = PBXFileReference; lastKnownFileType = image.jpeg; name = p0000035275.jpg; path = "Images/chs2012-nms-glass/p0000035275.jpg"; sourceTree = "<group>"; };
		04FA323D154BEB340097A0B8 /* p0000035277.jpg */ = {isa = PBXFileReference; lastKnownFileType = image.jpeg; name = p0000035277.jpg; path = "Images/chs2012-nms-glass/p0000035277.jpg"; sourceTree = "<group>"; };
		04FA323E154BEB340097A0B8 /* p0000035279.jpg */ = {isa = PBXFileReference; lastKnownFileType = image.jpeg; name = p0000035279.jpg; path = "Images/chs2012-nms-glass/p0000035279.jpg"; sourceTree = "<group>"; };
		04FA323F154BEB340097A0B8 /* p0000035280.jpg */ = {isa = PBXFileReference; lastKnownFileType = image.jpeg; name = p0000035280.jpg; path = "Images/chs2012-nms-glass/p0000035280.jpg"; sourceTree = "<group>"; };
		04FA3240154BEB340097A0B8 /* p0000035283.jpg */ = {isa = PBXFileReference; lastKnownFileType = image.jpeg; name = p0000035283.jpg; path = "Images/chs2012-nms-glass/p0000035283.jpg"; sourceTree = "<group>"; };
		04FA3241154BEB340097A0B8 /* p0000035284.jpg */ = {isa = PBXFileReference; lastKnownFileType = image.jpeg; name = p0000035284.jpg; path = "Images/chs2012-nms-glass/p0000035284.jpg"; sourceTree = "<group>"; };
		04FA3242154BEB340097A0B8 /* p0000035285.jpg */ = {isa = PBXFileReference; lastKnownFileType = image.jpeg; name = p0000035285.jpg; path = "Images/chs2012-nms-glass/p0000035285.jpg"; sourceTree = "<group>"; };
		04FA3243154BEB340097A0B8 /* p0000035286.jpg */ = {isa = PBXFileReference; lastKnownFileType = image.jpeg; name = p0000035286.jpg; path = "Images/chs2012-nms-glass/p0000035286.jpg"; sourceTree = "<group>"; };
		04FA3244154BEB340097A0B8 /* p0000035289.jpg */ = {isa = PBXFileReference; lastKnownFileType = image.jpeg; name = p0000035289.jpg; path = "Images/chs2012-nms-glass/p0000035289.jpg"; sourceTree = "<group>"; };
		04FA3245154BEB340097A0B8 /* p0000035290.jpg */ = {isa = PBXFileReference; lastKnownFileType = image.jpeg; name = p0000035290.jpg; path = "Images/chs2012-nms-glass/p0000035290.jpg"; sourceTree = "<group>"; };
		04FA3246154BEB340097A0B8 /* p0000035291.jpg */ = {isa = PBXFileReference; lastKnownFileType = image.jpeg; name = p0000035291.jpg; path = "Images/chs2012-nms-glass/p0000035291.jpg"; sourceTree = "<group>"; };
		04FA3247154BEB340097A0B8 /* p0000035292.jpg */ = {isa = PBXFileReference; lastKnownFileType = image.jpeg; name = p0000035292.jpg; path = "Images/chs2012-nms-glass/p0000035292.jpg"; sourceTree = "<group>"; };
		04FA3248154BEB340097A0B8 /* p0000035295.jpg */ = {isa = PBXFileReference; lastKnownFileType = image.jpeg; name = p0000035295.jpg; path = "Images/chs2012-nms-glass/p0000035295.jpg"; sourceTree = "<group>"; };
		04FA3249154BEB340097A0B8 /* p0000035296.jpg */ = {isa = PBXFileReference; lastKnownFileType = image.jpeg; name = p0000035296.jpg; path = "Images/chs2012-nms-glass/p0000035296.jpg"; sourceTree = "<group>"; };
		04FA324A154BEB340097A0B8 /* p0000035297.jpg */ = {isa = PBXFileReference; lastKnownFileType = image.jpeg; name = p0000035297.jpg; path = "Images/chs2012-nms-glass/p0000035297.jpg"; sourceTree = "<group>"; };
		04FA324B154BEB340097A0B8 /* p0000035298.jpg */ = {isa = PBXFileReference; lastKnownFileType = image.jpeg; name = p0000035298.jpg; path = "Images/chs2012-nms-glass/p0000035298.jpg"; sourceTree = "<group>"; };
		04FA324C154BEB340097A0B8 /* p0000035300.jpg */ = {isa = PBXFileReference; lastKnownFileType = image.jpeg; name = p0000035300.jpg; path = "Images/chs2012-nms-glass/p0000035300.jpg"; sourceTree = "<group>"; };
		04FA324D154BEB340097A0B8 /* p0000035302.jpg */ = {isa = PBXFileReference; lastKnownFileType = image.jpeg; name = p0000035302.jpg; path = "Images/chs2012-nms-glass/p0000035302.jpg"; sourceTree = "<group>"; };
		04FA324E154BEB340097A0B8 /* p0000035304.jpg */ = {isa = PBXFileReference; lastKnownFileType = image.jpeg; name = p0000035304.jpg; path = "Images/chs2012-nms-glass/p0000035304.jpg"; sourceTree = "<group>"; };
		04FA324F154BEB340097A0B8 /* p0000035305.jpg */ = {isa = PBXFileReference; lastKnownFileType = image.jpeg; name = p0000035305.jpg; path = "Images/chs2012-nms-glass/p0000035305.jpg"; sourceTree = "<group>"; };
		04FA3250154BEB340097A0B8 /* p0000035309.jpg */ = {isa = PBXFileReference; lastKnownFileType = image.jpeg; name = p0000035309.jpg; path = "Images/chs2012-nms-glass/p0000035309.jpg"; sourceTree = "<group>"; };
		04FA3251154BEB340097A0B8 /* p0000035310.jpg */ = {isa = PBXFileReference; lastKnownFileType = image.jpeg; name = p0000035310.jpg; path = "Images/chs2012-nms-glass/p0000035310.jpg"; sourceTree = "<group>"; };
		04FA3252154BEB340097A0B8 /* p0000035311.jpg */ = {isa = PBXFileReference; lastKnownFileType = image.jpeg; name = p0000035311.jpg; path = "Images/chs2012-nms-glass/p0000035311.jpg"; sourceTree = "<group>"; };
		04FA3253154BEB340097A0B8 /* p0000035646.jpg */ = {isa = PBXFileReference; lastKnownFileType = image.jpeg; name = p0000035646.jpg; path = "Images/chs2012-nms-glass/p0000035646.jpg"; sourceTree = "<group>"; };
		04FA3254154BEB340097A0B8 /* p0000035647.jpg */ = {isa = PBXFileReference; lastKnownFileType = image.jpeg; name = p0000035647.jpg; path = "Images/chs2012-nms-glass/p0000035647.jpg"; sourceTree = "<group>"; };
		04FA3255154BEB340097A0B8 /* p0000035648.jpg */ = {isa = PBXFileReference; lastKnownFileType = image.jpeg; name = p0000035648.jpg; path = "Images/chs2012-nms-glass/p0000035648.jpg"; sourceTree = "<group>"; };
		04FA3256154BEB340097A0B8 /* p0000035649.jpg */ = {isa = PBXFileReference; lastKnownFileType = image.jpeg; name = p0000035649.jpg; path = "Images/chs2012-nms-glass/p0000035649.jpg"; sourceTree = "<group>"; };
		04FA3257154BEB340097A0B8 /* p0000035650.jpg */ = {isa = PBXFileReference; lastKnownFileType = image.jpeg; name = p0000035650.jpg; path = "Images/chs2012-nms-glass/p0000035650.jpg"; sourceTree = "<group>"; };
		04FA3258154BEB340097A0B8 /* p0000035651.jpg */ = {isa = PBXFileReference; lastKnownFileType = image.jpeg; name = p0000035651.jpg; path = "Images/chs2012-nms-glass/p0000035651.jpg"; sourceTree = "<group>"; };
		04FA3259154BEB340097A0B8 /* p0000035652.jpg */ = {isa = PBXFileReference; lastKnownFileType = image.jpeg; name = p0000035652.jpg; path = "Images/chs2012-nms-glass/p0000035652.jpg"; sourceTree = "<group>"; };
		04FA325A154BEB340097A0B8 /* p0000035654.jpg */ = {isa = PBXFileReference; lastKnownFileType = image.jpeg; name = p0000035654.jpg; path = "Images/chs2012-nms-glass/p0000035654.jpg"; sourceTree = "<group>"; };
		04FA325B154BEB340097A0B8 /* p0000035655.jpg */ = {isa = PBXFileReference; lastKnownFileType = image.jpeg; name = p0000035655.jpg; path = "Images/chs2012-nms-glass/p0000035655.jpg"; sourceTree = "<group>"; };
		04FA325C154BEB340097A0B8 /* p0000035656.jpg */ = {isa = PBXFileReference; lastKnownFileType = image.jpeg; name = p0000035656.jpg; path = "Images/chs2012-nms-glass/p0000035656.jpg"; sourceTree = "<group>"; };
		04FA325D154BEB340097A0B8 /* p0000035657.jpg */ = {isa = PBXFileReference; lastKnownFileType = image.jpeg; name = p0000035657.jpg; path = "Images/chs2012-nms-glass/p0000035657.jpg"; sourceTree = "<group>"; };
		04FA325E154BEB340097A0B8 /* p0000035658.jpg */ = {isa = PBXFileReference; lastKnownFileType = image.jpeg; name = p0000035658.jpg; path = "Images/chs2012-nms-glass/p0000035658.jpg"; sourceTree = "<group>"; };
		04FA325F154BEB340097A0B8 /* p0000035659.jpg */ = {isa = PBXFileReference; lastKnownFileType = image.jpeg; name = p0000035659.jpg; path = "Images/chs2012-nms-glass/p0000035659.jpg"; sourceTree = "<group>"; };
		04FA3260154BEB340097A0B8 /* p0000035660.jpg */ = {isa = PBXFileReference; lastKnownFileType = image.jpeg; name = p0000035660.jpg; path = "Images/chs2012-nms-glass/p0000035660.jpg"; sourceTree = "<group>"; };
		04FA3261154BEB340097A0B8 /* p0000035661.jpg */ = {isa = PBXFileReference; lastKnownFileType = image.jpeg; name = p0000035661.jpg; path = "Images/chs2012-nms-glass/p0000035661.jpg"; sourceTree = "<group>"; };
		04FA3262154BEB340097A0B8 /* p0000035662.jpg */ = {isa = PBXFileReference; lastKnownFileType = image.jpeg; name = p0000035662.jpg; path = "Images/chs2012-nms-glass/p0000035662.jpg"; sourceTree = "<group>"; };
		04FA3263154BEB340097A0B8 /* p0000035663.jpg */ = {isa = PBXFileReference; lastKnownFileType = image.jpeg; name = p0000035663.jpg; path = "Images/chs2012-nms-glass/p0000035663.jpg"; sourceTree = "<group>"; };
		04FA3264154BEB340097A0B8 /* p0000035665.jpg */ = {isa = PBXFileReference; lastKnownFileType = image.jpeg; name = p0000035665.jpg; path = "Images/chs2012-nms-glass/p0000035665.jpg"; sourceTree = "<group>"; };
		04FA3265154BEB340097A0B8 /* p0000035666.jpg */ = {isa = PBXFileReference; lastKnownFileType = image.jpeg; name = p0000035666.jpg; path = "Images/chs2012-nms-glass/p0000035666.jpg"; sourceTree = "<group>"; };
		04FA3266154BEB340097A0B8 /* p0000035667.jpg */ = {isa = PBXFileReference; lastKnownFileType = image.jpeg; name = p0000035667.jpg; path = "Images/chs2012-nms-glass/p0000035667.jpg"; sourceTree = "<group>"; };
		04FA3267154BEB340097A0B8 /* p0000035668.jpg */ = {isa = PBXFileReference; lastKnownFileType = image.jpeg; name = p0000035668.jpg; path = "Images/chs2012-nms-glass/p0000035668.jpg"; sourceTree = "<group>"; };
		04FA3268154BEB340097A0B8 /* p0000035669.jpg */ = {isa = PBXFileReference; lastKnownFileType = image.jpeg; name = p0000035669.jpg; path = "Images/chs2012-nms-glass/p0000035669.jpg"; sourceTree = "<group>"; };
		04FA3269154BEB340097A0B8 /* p0000035670.jpg */ = {isa = PBXFileReference; lastKnownFileType = image.jpeg; name = p0000035670.jpg; path = "Images/chs2012-nms-glass/p0000035670.jpg"; sourceTree = "<group>"; };
		04FA326A154BEB340097A0B8 /* p0000035671.jpg */ = {isa = PBXFileReference; lastKnownFileType = image.jpeg; name = p0000035671.jpg; path = "Images/chs2012-nms-glass/p0000035671.jpg"; sourceTree = "<group>"; };
		04FA326B154BEB340097A0B8 /* p0000035807.jpg */ = {isa = PBXFileReference; lastKnownFileType = image.jpeg; name = p0000035807.jpg; path = "Images/chs2012-nms-glass/p0000035807.jpg"; sourceTree = "<group>"; };
		04FA326C154BEB340097A0B8 /* p0000035808.jpg */ = {isa = PBXFileReference; lastKnownFileType = image.jpeg; name = p0000035808.jpg; path = "Images/chs2012-nms-glass/p0000035808.jpg"; sourceTree = "<group>"; };
		04FA326D154BEB340097A0B8 /* p0000035809.jpg */ = {isa = PBXFileReference; lastKnownFileType = image.jpeg; name = p0000035809.jpg; path = "Images/chs2012-nms-glass/p0000035809.jpg"; sourceTree = "<group>"; };
		04FA326E154BEB340097A0B8 /* p0000035810.jpg */ = {isa = PBXFileReference; lastKnownFileType = image.jpeg; name = p0000035810.jpg; path = "Images/chs2012-nms-glass/p0000035810.jpg"; sourceTree = "<group>"; };
		04FA326F154BEB340097A0B8 /* p0000035812.jpg */ = {isa = PBXFileReference; lastKnownFileType = image.jpeg; name = p0000035812.jpg; path = "Images/chs2012-nms-glass/p0000035812.jpg"; sourceTree = "<group>"; };
		04FA3270154BEB340097A0B8 /* p0000035813.jpg */ = {isa = PBXFileReference; lastKnownFileType = image.jpeg; name = p0000035813.jpg; path = "Images/chs2012-nms-glass/p0000035813.jpg"; sourceTree = "<group>"; };
		04FA3271154BEB340097A0B8 /* p0000035814.jpg */ = {isa = PBXFileReference; lastKnownFileType = image.jpeg; name = p0000035814.jpg; path = "Images/chs2012-nms-glass/p0000035814.jpg"; sourceTree = "<group>"; };
		04FA3272154BEB340097A0B8 /* p0000035815.jpg */ = {isa = PBXFileReference; lastKnownFileType = image.jpeg; name = p0000035815.jpg; path = "Images/chs2012-nms-glass/p0000035815.jpg"; sourceTree = "<group>"; };
		04FA3273154BEB340097A0B8 /* p0000035816.jpg */ = {isa = PBXFileReference; lastKnownFileType = image.jpeg; name = p0000035816.jpg; path = "Images/chs2012-nms-glass/p0000035816.jpg"; sourceTree = "<group>"; };
		04FA3274154BEB340097A0B8 /* p0000035875.jpg */ = {isa = PBXFileReference; lastKnownFileType = image.jpeg; name = p0000035875.jpg; path = "Images/chs2012-nms-glass/p0000035875.jpg"; sourceTree = "<group>"; };
		04FA3275154BEB340097A0B8 /* p0000035876.jpg */ = {isa = PBXFileReference; lastKnownFileType = image.jpeg; name = p0000035876.jpg; path = "Images/chs2012-nms-glass/p0000035876.jpg"; sourceTree = "<group>"; };
		04FA3276154BEB340097A0B8 /* p0000035877.jpg */ = {isa = PBXFileReference; lastKnownFileType = image.jpeg; name = p0000035877.jpg; path = "Images/chs2012-nms-glass/p0000035877.jpg"; sourceTree = "<group>"; };
		04FA3277154BEB340097A0B8 /* p0000035878.jpg */ = {isa = PBXFileReference; lastKnownFileType = image.jpeg; name = p0000035878.jpg; path = "Images/chs2012-nms-glass/p0000035878.jpg"; sourceTree = "<group>"; };
		04FA3278154BEB340097A0B8 /* p0000035880.jpg */ = {isa = PBXFileReference; lastKnownFileType = image.jpeg; name = p0000035880.jpg; path = "Images/chs2012-nms-glass/p0000035880.jpg"; sourceTree = "<group>"; };
		04FA3279154BEB340097A0B8 /* p0000035881.jpg */ = {isa = PBXFileReference; lastKnownFileType = image.jpeg; name = p0000035881.jpg; path = "Images/chs2012-nms-glass/p0000035881.jpg"; sourceTree = "<group>"; };
		04FA32EF154BEEE10097A0B8 /* Building.h */ = {isa = PBXFileReference; fileEncoding = 4; lastKnownFileType = sourcecode.c.h; name = Building.h; path = Models/Building.h; sourceTree = "<group>"; };
		04FA32F0154BEEE10097A0B8 /* Building.m */ = {isa = PBXFileReference; fileEncoding = 4; lastKnownFileType = sourcecode.c.objc; name = Building.m; path = Models/Building.m; sourceTree = "<group>"; };
		B756F0AA154C064D00E771C2 /* Item.h */ = {isa = PBXFileReference; fileEncoding = 4; lastKnownFileType = sourcecode.c.h; path = Item.h; sourceTree = "<group>"; };
		B756F0AB154C064E00E771C2 /* Item.m */ = {isa = PBXFileReference; fileEncoding = 4; lastKnownFileType = sourcecode.c.objc; path = Item.m; sourceTree = "<group>"; };
		B756F0AE154C09C200E771C2 /* Reward.h */ = {isa = PBXFileReference; fileEncoding = 4; lastKnownFileType = sourcecode.c.h; path = Reward.h; sourceTree = "<group>"; };
		B756F0AF154C09C200E771C2 /* Reward.m */ = {isa = PBXFileReference; fileEncoding = 4; lastKnownFileType = sourcecode.c.objc; path = Reward.m; sourceTree = "<group>"; };
		B7F5B0ED154B57AC000A114F /* StealItAgain.app */ = {isa = PBXFileReference; explicitFileType = wrapper.application; includeInIndex = 0; path = StealItAgain.app; sourceTree = BUILT_PRODUCTS_DIR; };
		B7F5B0F1154B57AC000A114F /* Cocoa.framework */ = {isa = PBXFileReference; lastKnownFileType = wrapper.framework; name = Cocoa.framework; path = System/Library/Frameworks/Cocoa.framework; sourceTree = SDKROOT; };
		B7F5B0F4154B57AC000A114F /* AppKit.framework */ = {isa = PBXFileReference; lastKnownFileType = wrapper.framework; name = AppKit.framework; path = System/Library/Frameworks/AppKit.framework; sourceTree = SDKROOT; };
		B7F5B0F5154B57AC000A114F /* CoreData.framework */ = {isa = PBXFileReference; lastKnownFileType = wrapper.framework; name = CoreData.framework; path = System/Library/Frameworks/CoreData.framework; sourceTree = SDKROOT; };
		B7F5B0F6154B57AC000A114F /* Foundation.framework */ = {isa = PBXFileReference; lastKnownFileType = wrapper.framework; name = Foundation.framework; path = System/Library/Frameworks/Foundation.framework; sourceTree = SDKROOT; };
		B7F5B0F9154B57AC000A114F /* StealItAgain-Info.plist */ = {isa = PBXFileReference; lastKnownFileType = text.plist.xml; path = "StealItAgain-Info.plist"; sourceTree = "<group>"; };
		B7F5B0FB154B57AC000A114F /* en */ = {isa = PBXFileReference; lastKnownFileType = text.plist.strings; name = en; path = en.lproj/InfoPlist.strings; sourceTree = "<group>"; };
		B7F5B0FD154B57AC000A114F /* main.m */ = {isa = PBXFileReference; lastKnownFileType = sourcecode.c.objc; path = main.m; sourceTree = "<group>"; };
		B7F5B0FF154B57AC000A114F /* StealItAgain-Prefix.pch */ = {isa = PBXFileReference; lastKnownFileType = sourcecode.c.h; path = "StealItAgain-Prefix.pch"; sourceTree = "<group>"; };
		B7F5B101154B57AC000A114F /* en */ = {isa = PBXFileReference; lastKnownFileType = text.rtf; name = en; path = en.lproj/Credits.rtf; sourceTree = "<group>"; };
		B7F5B103154B57AC000A114F /* AppDelegate.h */ = {isa = PBXFileReference; lastKnownFileType = sourcecode.c.h; path = AppDelegate.h; sourceTree = "<group>"; };
		B7F5B104154B57AC000A114F /* AppDelegate.m */ = {isa = PBXFileReference; lastKnownFileType = sourcecode.c.objc; path = AppDelegate.m; sourceTree = "<group>"; };
		B7F5B107154B57AC000A114F /* en */ = {isa = PBXFileReference; lastKnownFileType = file.xib; name = en; path = en.lproj/MainMenu.xib; sourceTree = "<group>"; };
		B7F5B111154B5CFB000A114F /* libpsmoveapi.1.0.2.dylib */ = {isa = PBXFileReference; lastKnownFileType = "compiled.mach-o.dylib"; path = libpsmoveapi.1.0.2.dylib; sourceTree = "<group>"; };
		B7F5B112154B5CFB000A114F /* psmove.h */ = {isa = PBXFileReference; fileEncoding = 4; lastKnownFileType = sourcecode.c.h; path = psmove.h; sourceTree = "<group>"; };
		B7F5B115154B713A000A114F /* EGODatabase.h */ = {isa = PBXFileReference; lastKnownFileType = sourcecode.c.h; path = EGODatabase.h; sourceTree = "<group>"; };
		B7F5B116154B713A000A114F /* EGODatabase.m */ = {isa = PBXFileReference; lastKnownFileType = sourcecode.c.objc; path = EGODatabase.m; sourceTree = "<group>"; };
		B7F5B117154B713A000A114F /* EGODatabaseRequest.h */ = {isa = PBXFileReference; lastKnownFileType = sourcecode.c.h; path = EGODatabaseRequest.h; sourceTree = "<group>"; };
		B7F5B118154B713A000A114F /* EGODatabaseRequest.m */ = {isa = PBXFileReference; lastKnownFileType = sourcecode.c.objc; path = EGODatabaseRequest.m; sourceTree = "<group>"; };
		B7F5B119154B713A000A114F /* EGODatabaseResult.h */ = {isa = PBXFileReference; lastKnownFileType = sourcecode.c.h; path = EGODatabaseResult.h; sourceTree = "<group>"; };
		B7F5B11A154B713A000A114F /* EGODatabaseResult.m */ = {isa = PBXFileReference; lastKnownFileType = sourcecode.c.objc; path = EGODatabaseResult.m; sourceTree = "<group>"; };
		B7F5B11B154B713A000A114F /* EGODatabaseRow.h */ = {isa = PBXFileReference; lastKnownFileType = sourcecode.c.h; path = EGODatabaseRow.h; sourceTree = "<group>"; };
		B7F5B11C154B713A000A114F /* EGODatabaseRow.m */ = {isa = PBXFileReference; lastKnownFileType = sourcecode.c.objc; path = EGODatabaseRow.m; sourceTree = "<group>"; };
		B7F5B11E154B71D3000A114F /* datas */ = {isa = PBXFileReference; lastKnownFileType = file; path = datas; sourceTree = "<group>"; };
		B7F5B120154B7231000A114F /* dataDAO.h */ = {isa = PBXFileReference; lastKnownFileType = sourcecode.c.h; path = dataDAO.h; sourceTree = "<group>"; };
		B7F5B121154B7231000A114F /* dataDAO.m */ = {isa = PBXFileReference; lastKnownFileType = sourcecode.c.objc; path = dataDAO.m; sourceTree = "<group>"; };
		B7F5B122154B7231000A114F /* SynthesizeSingleton.h */ = {isa = PBXFileReference; lastKnownFileType = sourcecode.c.h; path = SynthesizeSingleton.h; sourceTree = "<group>"; };
		B7F5B128154B7420000A114F /* libsqlite3.dylib */ = {isa = PBXFileReference; lastKnownFileType = "compiled.mach-o.dylib"; name = libsqlite3.dylib; path = usr/lib/libsqlite3.dylib; sourceTree = SDKROOT; };
/* End PBXFileReference section */

/* Begin PBXFrameworksBuildPhase section */
		B7F5B0EA154B57AC000A114F /* Frameworks */ = {
			isa = PBXFrameworksBuildPhase;
			buildActionMask = 2147483647;
			files = (
				B7F5B129154B7420000A114F /* libsqlite3.dylib in Frameworks */,
				B7F5B114154B6184000A114F /* Foundation.framework in Frameworks */,
				B7F5B0F2154B57AC000A114F /* Cocoa.framework in Frameworks */,
				B7F5B113154B5CFB000A114F /* libpsmoveapi.1.0.2.dylib in Frameworks */,
			);
			runOnlyForDeploymentPostprocessing = 0;
		};
/* End PBXFrameworksBuildPhase section */

/* Begin PBXGroup section */
		04FA31FF154BE5370097A0B8 /* Model */ = {
			isa = PBXGroup;
			children = (
				04FA3200154BE6290097A0B8 /* Request.h */,
				04FA3201154BE6290097A0B8 /* Request.m */,
				04FA32EF154BEEE10097A0B8 /* Building.h */,
				04FA32F0154BEEE10097A0B8 /* Building.m */,
				B756F0AA154C064D00E771C2 /* Item.h */,
				B756F0AB154C064E00E771C2 /* Item.m */,
				B756F0AE154C09C200E771C2 /* Reward.h */,
				B756F0AF154C09C200E771C2 /* Reward.m */,
				047C608E154C198400621DE6 /* Player.h */,
				047C608F154C198400621DE6 /* Player.m */,
			);
			name = Model;
			sourceTree = "<group>";
		};
		04FA3203154BEB0C0097A0B8 /* Images */ = {
			isa = PBXGroup;
			children = (
				04FA3204154BEB140097A0B8 /* Glass */,
			);
			name = Images;
			sourceTree = "<group>";
		};
		04FA3204154BEB140097A0B8 /* Glass */ = {
			isa = PBXGroup;
			children = (
				04FA3205154BEB340097A0B8 /* p0000032853.jpg */,
				04FA3206154BEB340097A0B8 /* p0000033082.jpg */,
				04FA3207154BEB340097A0B8 /* p0000033083.jpg */,
				04FA3208154BEB340097A0B8 /* p0000033084.jpg */,
				04FA3209154BEB340097A0B8 /* p0000033085.jpg */,
				04FA320A154BEB340097A0B8 /* p0000033086.jpg */,
				04FA320B154BEB340097A0B8 /* p0000033087.jpg */,
				04FA320C154BEB340097A0B8 /* p0000033198.jpg */,
				04FA320D154BEB340097A0B8 /* p0000033199.jpg */,
				04FA320E154BEB340097A0B8 /* p0000033226.jpg */,
				04FA320F154BEB340097A0B8 /* p0000033227.jpg */,
				04FA3210154BEB340097A0B8 /* p0000033228.jpg */,
				04FA3211154BEB340097A0B8 /* p0000033230.jpg */,
				04FA3212154BEB340097A0B8 /* p0000033231.jpg */,
				04FA3213154BEB340097A0B8 /* p0000033232.jpg */,
				04FA3214154BEB340097A0B8 /* p0000033233.jpg */,
				04FA3215154BEB340097A0B8 /* p0000033234.jpg */,
				04FA3216154BEB340097A0B8 /* p0000033235.jpg */,
				04FA3217154BEB340097A0B8 /* p0000033236.jpg */,
				04FA3218154BEB340097A0B8 /* p0000034810.jpg */,
				04FA3219154BEB340097A0B8 /* p0000034812.jpg */,
				04FA321A154BEB340097A0B8 /* p0000034813.jpg */,
				04FA321B154BEB340097A0B8 /* p0000034814.jpg */,
				04FA321C154BEB340097A0B8 /* p0000034860.jpg */,
				04FA321D154BEB340097A0B8 /* p0000035008.jpg */,
				04FA321E154BEB340097A0B8 /* p0000035011.jpg */,
				04FA321F154BEB340097A0B8 /* p0000035013.jpg */,
				04FA3220154BEB340097A0B8 /* p0000035015.jpg */,
				04FA3221154BEB340097A0B8 /* p0000035019.jpg */,
				04FA3222154BEB340097A0B8 /* p0000035021.jpg */,
				04FA3223154BEB340097A0B8 /* p0000035022.jpg */,
				04FA3224154BEB340097A0B8 /* p0000035023.jpg */,
				04FA3225154BEB340097A0B8 /* p0000035024.jpg */,
				04FA3226154BEB340097A0B8 /* p0000035026.jpg */,
				04FA3227154BEB340097A0B8 /* p0000035027.jpg */,
				04FA3228154BEB340097A0B8 /* p0000035029.jpg */,
				04FA3229154BEB340097A0B8 /* p0000035032.jpg */,
				04FA322A154BEB340097A0B8 /* p0000035036.jpg */,
				04FA322B154BEB340097A0B8 /* p0000035247.jpg */,
				04FA322C154BEB340097A0B8 /* p0000035249.jpg */,
				04FA322D154BEB340097A0B8 /* p0000035252.jpg */,
				04FA322E154BEB340097A0B8 /* p0000035253.jpg */,
				04FA322F154BEB340097A0B8 /* p0000035256.jpg */,
				04FA3230154BEB340097A0B8 /* p0000035258.jpg */,
				04FA3231154BEB340097A0B8 /* p0000035259.jpg */,
				04FA3232154BEB340097A0B8 /* p0000035260.jpg */,
				04FA3233154BEB340097A0B8 /* p0000035261.jpg */,
				04FA3234154BEB340097A0B8 /* p0000035262.jpg */,
				04FA3235154BEB340097A0B8 /* p0000035265.jpg */,
				04FA3236154BEB340097A0B8 /* p0000035267.jpg */,
				04FA3237154BEB340097A0B8 /* p0000035269.jpg */,
				04FA3238154BEB340097A0B8 /* p0000035271.jpg */,
				04FA3239154BEB340097A0B8 /* p0000035272.jpg */,
				04FA323A154BEB340097A0B8 /* p0000035273.jpg */,
				04FA323B154BEB340097A0B8 /* p0000035274.jpg */,
				04FA323C154BEB340097A0B8 /* p0000035275.jpg */,
				04FA323D154BEB340097A0B8 /* p0000035277.jpg */,
				04FA323E154BEB340097A0B8 /* p0000035279.jpg */,
				04FA323F154BEB340097A0B8 /* p0000035280.jpg */,
				04FA3240154BEB340097A0B8 /* p0000035283.jpg */,
				04FA3241154BEB340097A0B8 /* p0000035284.jpg */,
				04FA3242154BEB340097A0B8 /* p0000035285.jpg */,
				04FA3243154BEB340097A0B8 /* p0000035286.jpg */,
				04FA3244154BEB340097A0B8 /* p0000035289.jpg */,
				04FA3245154BEB340097A0B8 /* p0000035290.jpg */,
				04FA3246154BEB340097A0B8 /* p0000035291.jpg */,
				04FA3247154BEB340097A0B8 /* p0000035292.jpg */,
				04FA3248154BEB340097A0B8 /* p0000035295.jpg */,
				04FA3249154BEB340097A0B8 /* p0000035296.jpg */,
				04FA324A154BEB340097A0B8 /* p0000035297.jpg */,
				04FA324B154BEB340097A0B8 /* p0000035298.jpg */,
				04FA324C154BEB340097A0B8 /* p0000035300.jpg */,
				04FA324D154BEB340097A0B8 /* p0000035302.jpg */,
				04FA324E154BEB340097A0B8 /* p0000035304.jpg */,
				04FA324F154BEB340097A0B8 /* p0000035305.jpg */,
				04FA3250154BEB340097A0B8 /* p0000035309.jpg */,
				04FA3251154BEB340097A0B8 /* p0000035310.jpg */,
				04FA3252154BEB340097A0B8 /* p0000035311.jpg */,
				04FA3253154BEB340097A0B8 /* p0000035646.jpg */,
				04FA3254154BEB340097A0B8 /* p0000035647.jpg */,
				04FA3255154BEB340097A0B8 /* p0000035648.jpg */,
				04FA3256154BEB340097A0B8 /* p0000035649.jpg */,
				04FA3257154BEB340097A0B8 /* p0000035650.jpg */,
				04FA3258154BEB340097A0B8 /* p0000035651.jpg */,
				04FA3259154BEB340097A0B8 /* p0000035652.jpg */,
				04FA325A154BEB340097A0B8 /* p0000035654.jpg */,
				04FA325B154BEB340097A0B8 /* p0000035655.jpg */,
				04FA325C154BEB340097A0B8 /* p0000035656.jpg */,
				04FA325D154BEB340097A0B8 /* p0000035657.jpg */,
				04FA325E154BEB340097A0B8 /* p0000035658.jpg */,
				04FA325F154BEB340097A0B8 /* p0000035659.jpg */,
				04FA3260154BEB340097A0B8 /* p0000035660.jpg */,
				04FA3261154BEB340097A0B8 /* p0000035661.jpg */,
				04FA3262154BEB340097A0B8 /* p0000035662.jpg */,
				04FA3263154BEB340097A0B8 /* p0000035663.jpg */,
				04FA3264154BEB340097A0B8 /* p0000035665.jpg */,
				04FA3265154BEB340097A0B8 /* p0000035666.jpg */,
				04FA3266154BEB340097A0B8 /* p0000035667.jpg */,
				04FA3267154BEB340097A0B8 /* p0000035668.jpg */,
				04FA3268154BEB340097A0B8 /* p0000035669.jpg */,
				04FA3269154BEB340097A0B8 /* p0000035670.jpg */,
				04FA326A154BEB340097A0B8 /* p0000035671.jpg */,
				04FA326B154BEB340097A0B8 /* p0000035807.jpg */,
				04FA326C154BEB340097A0B8 /* p0000035808.jpg */,
				04FA326D154BEB340097A0B8 /* p0000035809.jpg */,
				04FA326E154BEB340097A0B8 /* p0000035810.jpg */,
				04FA326F154BEB340097A0B8 /* p0000035812.jpg */,
				04FA3270154BEB340097A0B8 /* p0000035813.jpg */,
				04FA3271154BEB340097A0B8 /* p0000035814.jpg */,
				04FA3272154BEB340097A0B8 /* p0000035815.jpg */,
				04FA3273154BEB340097A0B8 /* p0000035816.jpg */,
				04FA3274154BEB340097A0B8 /* p0000035875.jpg */,
				04FA3275154BEB340097A0B8 /* p0000035876.jpg */,
				04FA3276154BEB340097A0B8 /* p0000035877.jpg */,
				04FA3277154BEB340097A0B8 /* p0000035878.jpg */,
				04FA3278154BEB340097A0B8 /* p0000035880.jpg */,
				04FA3279154BEB340097A0B8 /* p0000035881.jpg */,
			);
			name = Glass;
			sourceTree = "<group>";
		};
		B7F5B0E2154B57AC000A114F = {
			isa = PBXGroup;
			children = (
				B7F5B128154B7420000A114F /* libsqlite3.dylib */,
				B7F5B0F7154B57AC000A114F /* StealItAgain */,
				B7F5B0F0154B57AC000A114F /* Frameworks */,
				B7F5B0EE154B57AC000A114F /* Products */,
			);
			sourceTree = "<group>";
		};
		B7F5B0EE154B57AC000A114F /* Products */ = {
			isa = PBXGroup;
			children = (
				B7F5B0ED154B57AC000A114F /* StealItAgain.app */,
			);
			name = Products;
			sourceTree = "<group>";
		};
		B7F5B0F0154B57AC000A114F /* Frameworks */ = {
			isa = PBXGroup;
			children = (
				B7F5B0F1154B57AC000A114F /* Cocoa.framework */,
				B7F5B0F3154B57AC000A114F /* Other Frameworks */,
			);
			name = Frameworks;
			sourceTree = "<group>";
		};
		B7F5B0F3154B57AC000A114F /* Other Frameworks */ = {
			isa = PBXGroup;
			children = (
				B7F5B0F4154B57AC000A114F /* AppKit.framework */,
				B7F5B0F5154B57AC000A114F /* CoreData.framework */,
				B7F5B0F6154B57AC000A114F /* Foundation.framework */,
			);
			name = "Other Frameworks";
			sourceTree = "<group>";
		};
		B7F5B0F7154B57AC000A114F /* StealItAgain */ = {
			isa = PBXGroup;
			children = (
				047C6085154C109E00621DE6 /* RequestCompleted.h */,
				04FA3203154BEB0C0097A0B8 /* Images */,
				04FA31FF154BE5370097A0B8 /* Model */,
				B7F5B11D154B7140000A114F /* EGO */,
				B7F5B12A154B7975000A114F /* Data */,
				B7F5B122154B7231000A114F /* SynthesizeSingleton.h */,
				B7F5B111154B5CFB000A114F /* libpsmoveapi.1.0.2.dylib */,
				B7F5B112154B5CFB000A114F /* psmove.h */,
				B7F5B103154B57AC000A114F /* AppDelegate.h */,
				B7F5B104154B57AC000A114F /* AppDelegate.m */,
				B7F5B106154B57AC000A114F /* MainMenu.xib */,
				B7F5B0F8154B57AC000A114F /* Supporting Files */,
				04FA31FB154BDD3E0097A0B8 /* SomeCell.h */,
				04FA31FC154BDD3E0097A0B8 /* SomeCell.m */,
			);
			path = StealItAgain;
			sourceTree = "<group>";
		};
		B7F5B0F8154B57AC000A114F /* Supporting Files */ = {
			isa = PBXGroup;
			children = (
				B7F5B0F9154B57AC000A114F /* StealItAgain-Info.plist */,
				B7F5B0FA154B57AC000A114F /* InfoPlist.strings */,
				B7F5B0FD154B57AC000A114F /* main.m */,
				B7F5B0FF154B57AC000A114F /* StealItAgain-Prefix.pch */,
				B7F5B100154B57AC000A114F /* Credits.rtf */,
			);
			name = "Supporting Files";
			sourceTree = "<group>";
		};
		B7F5B11D154B7140000A114F /* EGO */ = {
			isa = PBXGroup;
			children = (
				B7F5B115154B713A000A114F /* EGODatabase.h */,
				B7F5B116154B713A000A114F /* EGODatabase.m */,
				B7F5B117154B713A000A114F /* EGODatabaseRequest.h */,
				B7F5B118154B713A000A114F /* EGODatabaseRequest.m */,
				B7F5B119154B713A000A114F /* EGODatabaseResult.h */,
				B7F5B11A154B713A000A114F /* EGODatabaseResult.m */,
				B7F5B11B154B713A000A114F /* EGODatabaseRow.h */,
				B7F5B11C154B713A000A114F /* EGODatabaseRow.m */,
			);
			name = EGO;
			sourceTree = "<group>";
		};
		B7F5B12A154B7975000A114F /* Data */ = {
			isa = PBXGroup;
			children = (
				B7F5B11E154B71D3000A114F /* datas */,
				B7F5B120154B7231000A114F /* dataDAO.h */,
				B7F5B121154B7231000A114F /* dataDAO.m */,
			);
			name = Data;
			sourceTree = "<group>";
		};
/* End PBXGroup section */

/* Begin PBXNativeTarget section */
		B7F5B0EC154B57AC000A114F /* StealItAgain */ = {
			isa = PBXNativeTarget;
			buildConfigurationList = B7F5B10B154B57AC000A114F /* Build configuration list for PBXNativeTarget "StealItAgain" */;
			buildPhases = (
				B7F5B0E9154B57AC000A114F /* Sources */,
				B7F5B0EA154B57AC000A114F /* Frameworks */,
				B7F5B0EB154B57AC000A114F /* Resources */,
			);
			buildRules = (
			);
			dependencies = (
			);
			name = StealItAgain;
			productName = StealItAgain;
			productReference = B7F5B0ED154B57AC000A114F /* StealItAgain.app */;
			productType = "com.apple.product-type.application";
		};
/* End PBXNativeTarget section */

/* Begin PBXProject section */
		B7F5B0E4154B57AC000A114F /* Project object */ = {
			isa = PBXProject;
			attributes = {
				LastUpgradeCheck = 0430;
				ORGANIZATIONNAME = "Haiku Interactive";
			};
			buildConfigurationList = B7F5B0E7154B57AC000A114F /* Build configuration list for PBXProject "StealItAgain" */;
			compatibilityVersion = "Xcode 3.2";
			developmentRegion = English;
			hasScannedForEncodings = 0;
			knownRegions = (
				en,
			);
			mainGroup = B7F5B0E2154B57AC000A114F;
			productRefGroup = B7F5B0EE154B57AC000A114F /* Products */;
			projectDirPath = "";
			projectRoot = "";
			targets = (
				B7F5B0EC154B57AC000A114F /* StealItAgain */,
			);
		};
/* End PBXProject section */

/* Begin PBXResourcesBuildPhase section */
		B7F5B0EB154B57AC000A114F /* Resources */ = {
			isa = PBXResourcesBuildPhase;
			buildActionMask = 2147483647;
			files = (
				B7F5B0FC154B57AC000A114F /* InfoPlist.strings in Resources */,
				B7F5B102154B57AC000A114F /* Credits.rtf in Resources */,
				B7F5B108154B57AC000A114F /* MainMenu.xib in Resources */,
				B7F5B11F154B71D3000A114F /* datas in Resources */,
				04FA327A154BEB340097A0B8 /* p0000032853.jpg in Resources */,
				04FA327B154BEB340097A0B8 /* p0000033082.jpg in Resources */,
				04FA327C154BEB340097A0B8 /* p0000033083.jpg in Resources */,
				04FA327D154BEB340097A0B8 /* p0000033084.jpg in Resources */,
				04FA327E154BEB340097A0B8 /* p0000033085.jpg in Resources */,
				04FA327F154BEB340097A0B8 /* p0000033086.jpg in Resources */,
				04FA3280154BEB340097A0B8 /* p0000033087.jpg in Resources */,
				04FA3281154BEB340097A0B8 /* p0000033198.jpg in Resources */,
				04FA3282154BEB340097A0B8 /* p0000033199.jpg in Resources */,
				04FA3283154BEB340097A0B8 /* p0000033226.jpg in Resources */,
				04FA3284154BEB340097A0B8 /* p0000033227.jpg in Resources */,
				04FA3285154BEB340097A0B8 /* p0000033228.jpg in Resources */,
				04FA3286154BEB340097A0B8 /* p0000033230.jpg in Resources */,
				04FA3287154BEB340097A0B8 /* p0000033231.jpg in Resources */,
				04FA3288154BEB340097A0B8 /* p0000033232.jpg in Resources */,
				04FA3289154BEB340097A0B8 /* p0000033233.jpg in Resources */,
				04FA328A154BEB340097A0B8 /* p0000033234.jpg in Resources */,
				04FA328B154BEB340097A0B8 /* p0000033235.jpg in Resources */,
				04FA328C154BEB340097A0B8 /* p0000033236.jpg in Resources */,
				04FA328D154BEB340097A0B8 /* p0000034810.jpg in Resources */,
				04FA328E154BEB340097A0B8 /* p0000034812.jpg in Resources */,
				04FA328F154BEB340097A0B8 /* p0000034813.jpg in Resources */,
				04FA3290154BEB340097A0B8 /* p0000034814.jpg in Resources */,
				04FA3291154BEB340097A0B8 /* p0000034860.jpg in Resources */,
				04FA3292154BEB340097A0B8 /* p0000035008.jpg in Resources */,
				04FA3293154BEB340097A0B8 /* p0000035011.jpg in Resources */,
				04FA3294154BEB340097A0B8 /* p0000035013.jpg in Resources */,
				04FA3295154BEB340097A0B8 /* p0000035015.jpg in Resources */,
				04FA3296154BEB340097A0B8 /* p0000035019.jpg in Resources */,
				04FA3297154BEB340097A0B8 /* p0000035021.jpg in Resources */,
				04FA3298154BEB340097A0B8 /* p0000035022.jpg in Resources */,
				04FA3299154BEB340097A0B8 /* p0000035023.jpg in Resources */,
				04FA329A154BEB340097A0B8 /* p0000035024.jpg in Resources */,
				04FA329B154BEB340097A0B8 /* p0000035026.jpg in Resources */,
				04FA329C154BEB340097A0B8 /* p0000035027.jpg in Resources */,
				04FA329D154BEB340097A0B8 /* p0000035029.jpg in Resources */,
				04FA329E154BEB340097A0B8 /* p0000035032.jpg in Resources */,
				04FA329F154BEB340097A0B8 /* p0000035036.jpg in Resources */,
				04FA32A0154BEB340097A0B8 /* p0000035247.jpg in Resources */,
				04FA32A1154BEB340097A0B8 /* p0000035249.jpg in Resources */,
				04FA32A2154BEB340097A0B8 /* p0000035252.jpg in Resources */,
				04FA32A3154BEB340097A0B8 /* p0000035253.jpg in Resources */,
				04FA32A4154BEB340097A0B8 /* p0000035256.jpg in Resources */,
				04FA32A5154BEB340097A0B8 /* p0000035258.jpg in Resources */,
				04FA32A6154BEB340097A0B8 /* p0000035259.jpg in Resources */,
				04FA32A7154BEB340097A0B8 /* p0000035260.jpg in Resources */,
				04FA32A8154BEB340097A0B8 /* p0000035261.jpg in Resources */,
				04FA32A9154BEB340097A0B8 /* p0000035262.jpg in Resources */,
				04FA32AA154BEB340097A0B8 /* p0000035265.jpg in Resources */,
				04FA32AB154BEB340097A0B8 /* p0000035267.jpg in Resources */,
				04FA32AC154BEB340097A0B8 /* p0000035269.jpg in Resources */,
				04FA32AD154BEB340097A0B8 /* p0000035271.jpg in Resources */,
				04FA32AE154BEB340097A0B8 /* p0000035272.jpg in Resources */,
				04FA32AF154BEB340097A0B8 /* p0000035273.jpg in Resources */,
				04FA32B0154BEB340097A0B8 /* p0000035274.jpg in Resources */,
				04FA32B1154BEB340097A0B8 /* p0000035275.jpg in Resources */,
				04FA32B2154BEB340097A0B8 /* p0000035277.jpg in Resources */,
				04FA32B3154BEB340097A0B8 /* p0000035279.jpg in Resources */,
				04FA32B4154BEB340097A0B8 /* p0000035280.jpg in Resources */,
				04FA32B5154BEB340097A0B8 /* p0000035283.jpg in Resources */,
				04FA32B6154BEB340097A0B8 /* p0000035284.jpg in Resources */,
				04FA32B7154BEB340097A0B8 /* p0000035285.jpg in Resources */,
				04FA32B8154BEB340097A0B8 /* p0000035286.jpg in Resources */,
				04FA32B9154BEB340097A0B8 /* p0000035289.jpg in Resources */,
				04FA32BA154BEB340097A0B8 /* p0000035290.jpg in Resources */,
				04FA32BB154BEB340097A0B8 /* p0000035291.jpg in Resources */,
				04FA32BC154BEB340097A0B8 /* p0000035292.jpg in Resources */,
				04FA32BD154BEB340097A0B8 /* p0000035295.jpg in Resources */,
				04FA32BE154BEB340097A0B8 /* p0000035296.jpg in Resources */,
				04FA32BF154BEB340097A0B8 /* p0000035297.jpg in Resources */,
				04FA32C0154BEB340097A0B8 /* p0000035298.jpg in Resources */,
				04FA32C1154BEB340097A0B8 /* p0000035300.jpg in Resources */,
				04FA32C2154BEB340097A0B8 /* p0000035302.jpg in Resources */,
				04FA32C3154BEB340097A0B8 /* p0000035304.jpg in Resources */,
				04FA32C4154BEB340097A0B8 /* p0000035305.jpg in Resources */,
				04FA32C5154BEB340097A0B8 /* p0000035309.jpg in Resources */,
				04FA32C6154BEB340097A0B8 /* p0000035310.jpg in Resources */,
				04FA32C7154BEB340097A0B8 /* p0000035311.jpg in Resources */,
				04FA32C8154BEB340097A0B8 /* p0000035646.jpg in Resources */,
				04FA32C9154BEB340097A0B8 /* p0000035647.jpg in Resources */,
				04FA32CA154BEB340097A0B8 /* p0000035648.jpg in Resources */,
				04FA32CB154BEB340097A0B8 /* p0000035649.jpg in Resources */,
				04FA32CC154BEB340097A0B8 /* p0000035650.jpg in Resources */,
				04FA32CD154BEB340097A0B8 /* p0000035651.jpg in Resources */,
				04FA32CE154BEB340097A0B8 /* p0000035652.jpg in Resources */,
				04FA32CF154BEB340097A0B8 /* p0000035654.jpg in Resources */,
				04FA32D0154BEB340097A0B8 /* p0000035655.jpg in Resources */,
				04FA32D1154BEB340097A0B8 /* p0000035656.jpg in Resources */,
				04FA32D2154BEB340097A0B8 /* p0000035657.jpg in Resources */,
				04FA32D3154BEB340097A0B8 /* p0000035658.jpg in Resources */,
				04FA32D4154BEB340097A0B8 /* p0000035659.jpg in Resources */,
				04FA32D5154BEB340097A0B8 /* p0000035660.jpg in Resources */,
				04FA32D6154BEB340097A0B8 /* p0000035661.jpg in Resources */,
				04FA32D7154BEB340097A0B8 /* p0000035662.jpg in Resources */,
				04FA32D8154BEB340097A0B8 /* p0000035663.jpg in Resources */,
				04FA32D9154BEB340097A0B8 /* p0000035665.jpg in Resources */,
				04FA32DA154BEB340097A0B8 /* p0000035666.jpg in Resources */,
				04FA32DB154BEB340097A0B8 /* p0000035667.jpg in Resources */,
				04FA32DC154BEB340097A0B8 /* p0000035668.jpg in Resources */,
				04FA32DD154BEB340097A0B8 /* p0000035669.jpg in Resources */,
				04FA32DE154BEB340097A0B8 /* p0000035670.jpg in Resources */,
				04FA32DF154BEB340097A0B8 /* p0000035671.jpg in Resources */,
				04FA32E0154BEB340097A0B8 /* p0000035807.jpg in Resources */,
				04FA32E1154BEB340097A0B8 /* p0000035808.jpg in Resources */,
				04FA32E2154BEB340097A0B8 /* p0000035809.jpg in Resources */,
				04FA32E3154BEB340097A0B8 /* p0000035810.jpg in Resources */,
				04FA32E4154BEB340097A0B8 /* p0000035812.jpg in Resources */,
				04FA32E5154BEB340097A0B8 /* p0000035813.jpg in Resources */,
				04FA32E6154BEB340097A0B8 /* p0000035814.jpg in Resources */,
				04FA32E7154BEB340097A0B8 /* p0000035815.jpg in Resources */,
				04FA32E8154BEB340097A0B8 /* p0000035816.jpg in Resources */,
				04FA32E9154BEB340097A0B8 /* p0000035875.jpg in Resources */,
				04FA32EA154BEB340097A0B8 /* p0000035876.jpg in Resources */,
				04FA32EB154BEB340097A0B8 /* p0000035877.jpg in Resources */,
				04FA32EC154BEB340097A0B8 /* p0000035878.jpg in Resources */,
				04FA32ED154BEB340097A0B8 /* p0000035880.jpg in Resources */,
				04FA32EE154BEB340097A0B8 /* p0000035881.jpg in Resources */,
			);
			runOnlyForDeploymentPostprocessing = 0;
		};
/* End PBXResourcesBuildPhase section */

/* Begin PBXSourcesBuildPhase section */
		B7F5B0E9154B57AC000A114F /* Sources */ = {
			isa = PBXSourcesBuildPhase;
			buildActionMask = 2147483647;
			files = (
				B7F5B0FE154B57AC000A114F /* main.m in Sources */,
				B7F5B105154B57AC000A114F /* AppDelegate.m in Sources */,
				B7F5B123154B7397000A114F /* dataDAO.m in Sources */,
				B7F5B124154B73A7000A114F /* EGODatabase.m in Sources */,
				B7F5B125154B73A7000A114F /* EGODatabaseRequest.m in Sources */,
				B7F5B126154B73A7000A114F /* EGODatabaseResult.m in Sources */,
				B7F5B127154B73A7000A114F /* EGODatabaseRow.m in Sources */,
				04FA31FD154BDD3E0097A0B8 /* SomeCell.m in Sources */,
				04FA3202154BE6290097A0B8 /* Request.m in Sources */,
				04FA32F1154BEEE10097A0B8 /* Building.m in Sources */,
				B756F0AC154C064E00E771C2 /* Item.m in Sources */,
				B756F0B0154C09C200E771C2 /* Reward.m in Sources */,
				047C6090154C198400621DE6 /* Player.m in Sources */,
			);
			runOnlyForDeploymentPostprocessing = 0;
		};
/* End PBXSourcesBuildPhase section */

/* Begin PBXVariantGroup section */
		B7F5B0FA154B57AC000A114F /* InfoPlist.strings */ = {
			isa = PBXVariantGroup;
			children = (
				B7F5B0FB154B57AC000A114F /* en */,
			);
			name = InfoPlist.strings;
			sourceTree = "<group>";
		};
		B7F5B100154B57AC000A114F /* Credits.rtf */ = {
			isa = PBXVariantGroup;
			children = (
				B7F5B101154B57AC000A114F /* en */,
			);
			name = Credits.rtf;
			sourceTree = "<group>";
		};
		B7F5B106154B57AC000A114F /* MainMenu.xib */ = {
			isa = PBXVariantGroup;
			children = (
				B7F5B107154B57AC000A114F /* en */,
			);
			name = MainMenu.xib;
			sourceTree = "<group>";
		};
/* End PBXVariantGroup section */

/* Begin XCBuildConfiguration section */
		B7F5B109154B57AC000A114F /* Debug */ = {
			isa = XCBuildConfiguration;
			buildSettings = {
				ALWAYS_SEARCH_USER_PATHS = NO;
				ARCHS = "$(ARCHS_STANDARD_64_BIT)";
				COPY_PHASE_STRIP = NO;
				GCC_C_LANGUAGE_STANDARD = gnu99;
				GCC_DYNAMIC_NO_PIC = NO;
				GCC_ENABLE_OBJC_EXCEPTIONS = YES;
				GCC_OPTIMIZATION_LEVEL = 0;
				GCC_PREPROCESSOR_DEFINITIONS = (
					"DEBUG=1",
					"$(inherited)",
				);
				GCC_SYMBOLS_PRIVATE_EXTERN = NO;
				GCC_VERSION = com.apple.compilers.llvm.clang.1_0;
				GCC_WARN_64_TO_32_BIT_CONVERSION = YES;
				GCC_WARN_ABOUT_RETURN_TYPE = YES;
				GCC_WARN_UNINITIALIZED_AUTOS = YES;
				GCC_WARN_UNUSED_VARIABLE = YES;
				MACOSX_DEPLOYMENT_TARGET = 10.7;
				ONLY_ACTIVE_ARCH = YES;
				SDKROOT = macosx;
			};
			name = Debug;
		};
		B7F5B10A154B57AC000A114F /* Release */ = {
			isa = XCBuildConfiguration;
			buildSettings = {
				ALWAYS_SEARCH_USER_PATHS = NO;
				ARCHS = "$(ARCHS_STANDARD_64_BIT)";
				COPY_PHASE_STRIP = YES;
				DEBUG_INFORMATION_FORMAT = "dwarf-with-dsym";
				GCC_C_LANGUAGE_STANDARD = gnu99;
				GCC_ENABLE_OBJC_EXCEPTIONS = YES;
				GCC_VERSION = com.apple.compilers.llvm.clang.1_0;
				GCC_WARN_64_TO_32_BIT_CONVERSION = YES;
				GCC_WARN_ABOUT_RETURN_TYPE = YES;
				GCC_WARN_UNINITIALIZED_AUTOS = YES;
				GCC_WARN_UNUSED_VARIABLE = YES;
				MACOSX_DEPLOYMENT_TARGET = 10.7;
				SDKROOT = macosx;
			};
			name = Release;
		};
		B7F5B10C154B57AC000A114F /* Debug */ = {
			isa = XCBuildConfiguration;
			buildSettings = {
				GCC_PRECOMPILE_PREFIX_HEADER = YES;
				GCC_PREFIX_HEADER = "StealItAgain/StealItAgain-Prefix.pch";
				INFOPLIST_FILE = "StealItAgain/StealItAgain-Info.plist";
				LIBRARY_SEARCH_PATHS = (
					"$(inherited)",
					"\"$(SRCROOT)/StealItAgain\"",
				);
				PRODUCT_NAME = "$(TARGET_NAME)";
				WRAPPER_EXTENSION = app;
			};
			name = Debug;
		};
		B7F5B10D154B57AC000A114F /* Release */ = {
			isa = XCBuildConfiguration;
			buildSettings = {
				GCC_PRECOMPILE_PREFIX_HEADER = YES;
				GCC_PREFIX_HEADER = "StealItAgain/StealItAgain-Prefix.pch";
				INFOPLIST_FILE = "StealItAgain/StealItAgain-Info.plist";
				LIBRARY_SEARCH_PATHS = (
					"$(inherited)",
					"\"$(SRCROOT)/StealItAgain\"",
				);
				PRODUCT_NAME = "$(TARGET_NAME)";
				WRAPPER_EXTENSION = app;
			};
			name = Release;
		};
/* End XCBuildConfiguration section */

/* Begin XCConfigurationList section */
		B7F5B0E7154B57AC000A114F /* Build configuration list for PBXProject "StealItAgain" */ = {
			isa = XCConfigurationList;
			buildConfigurations = (
				B7F5B109154B57AC000A114F /* Debug */,
				B7F5B10A154B57AC000A114F /* Release */,
			);
			defaultConfigurationIsVisible = 0;
			defaultConfigurationName = Release;
		};
		B7F5B10B154B57AC000A114F /* Build configuration list for PBXNativeTarget "StealItAgain" */ = {
			isa = XCConfigurationList;
			buildConfigurations = (
				B7F5B10C154B57AC000A114F /* Debug */,
				B7F5B10D154B57AC000A114F /* Release */,
			);
			defaultConfigurationIsVisible = 0;
			defaultConfigurationName = Release;
		};
/* End XCConfigurationList section */
	};
	rootObject = B7F5B0E4154B57AC000A114F /* Project object */;
}
